// !$*UTF8*$!
{
	archiveVersion = 1;
	classes = {
	};
	objectVersion = 46;
	objects = {

/* Begin PBXBuildFile section */
		80B9D87776B7C8B272260E1F /* Pods_RxSwiftDemo.framework in Frameworks */ = {isa = PBXBuildFile; fileRef = 1BBAC67330BD27848ABF450F /* Pods_RxSwiftDemo.framework */; };
		B3719A3AE7054B08FE971D30 /* Pods_RxSwiftDemoTests.framework in Frameworks */ = {isa = PBXBuildFile; fileRef = CD5B08AA820706F463C6B06F /* Pods_RxSwiftDemoTests.framework */; };
		C5046202212A69C4009585DC /* Observable+ObjectMapper.swift in Sources */ = {isa = PBXBuildFile; fileRef = C5046201212A69C4009585DC /* Observable+ObjectMapper.swift */; };
		C5046207212A9403009585DC /* BaseViewModel.swift in Sources */ = {isa = PBXBuildFile; fileRef = C5046206212A9403009585DC /* BaseViewModel.swift */; };
		C5046209212A9429009585DC /* HomeViewModel.swift in Sources */ = {isa = PBXBuildFile; fileRef = C5046208212A9429009585DC /* HomeViewModel.swift */; };
		C504620B212A9EE7009585DC /* BaseMainView.swift in Sources */ = {isa = PBXBuildFile; fileRef = C504620A212A9EE7009585DC /* BaseMainView.swift */; };
		C504620E212AB06B009585DC /* HomeMainView.swift in Sources */ = {isa = PBXBuildFile; fileRef = C504620D212AB06B009585DC /* HomeMainView.swift */; };
		C5046210212AB548009585DC /* RxBaseMainViewDelegateProxy.swift in Sources */ = {isa = PBXBuildFile; fileRef = C504620F212AB548009585DC /* RxBaseMainViewDelegateProxy.swift */; };
		C5046212212AB563009585DC /* BaseMainView+Rx.swift in Sources */ = {isa = PBXBuildFile; fileRef = C5046211212AB563009585DC /* BaseMainView+Rx.swift */; };
		C52C4E7A2124026E005B206A /* MyService.swift in Sources */ = {isa = PBXBuildFile; fileRef = C52C4E792124026E005B206A /* MyService.swift */; };
		C52C4E8D212568C4005B206A /* HomeList.swift in Sources */ = {isa = PBXBuildFile; fileRef = C52C4E8A212568C4005B206A /* HomeList.swift */; };
		C52C4E8E212568C4005B206A /* Home.swift in Sources */ = {isa = PBXBuildFile; fileRef = C52C4E8B212568C4005B206A /* Home.swift */; };
		C52C4E8F212568C4005B206A /* HomeData.swift in Sources */ = {isa = PBXBuildFile; fileRef = C52C4E8C212568C4005B206A /* HomeData.swift */; };
		C52C4E9321257640005B206A /* R.generated.swift in Sources */ = {isa = PBXBuildFile; fileRef = C52C4E9221257640005B206A /* R.generated.swift */; };
		C5525ECD21266E3700E1C84C /* AuthorModelData.swift in Sources */ = {isa = PBXBuildFile; fileRef = C5525ECA21266E3600E1C84C /* AuthorModelData.swift */; };
		C5525ECE21266E3700E1C84C /* AuthorModelList.swift in Sources */ = {isa = PBXBuildFile; fileRef = C5525ECB21266E3700E1C84C /* AuthorModelList.swift */; };
		C5525ECF21266E3700E1C84C /* AuthorModel.swift in Sources */ = {isa = PBXBuildFile; fileRef = C5525ECC21266E3700E1C84C /* AuthorModel.swift */; };
		C5671C40212160EA003E14E5 /* BaseViewController.swift in Sources */ = {isa = PBXBuildFile; fileRef = C5671C32212160EA003E14E5 /* BaseViewController.swift */; };
		C5671C41212160EA003E14E5 /* BaseViewController.xib in Resources */ = {isa = PBXBuildFile; fileRef = C5671C33212160EA003E14E5 /* BaseViewController.xib */; };
		C5671C42212160EA003E14E5 /* Assets.xcassets in Resources */ = {isa = PBXBuildFile; fileRef = C5671C36212160EA003E14E5 /* Assets.xcassets */; };
		C5671C43212160EA003E14E5 /* LaunchScreen.storyboard in Resources */ = {isa = PBXBuildFile; fileRef = C5671C37212160EA003E14E5 /* LaunchScreen.storyboard */; };
		C5671C44212160EA003E14E5 /* Main.storyboard in Resources */ = {isa = PBXBuildFile; fileRef = C5671C39212160EA003E14E5 /* Main.storyboard */; };
		C5671C45212160EA003E14E5 /* AppDelegate.swift in Sources */ = {isa = PBXBuildFile; fileRef = C5671C3B212160EA003E14E5 /* AppDelegate.swift */; };
		C5671C46212160EA003E14E5 /* Info.plist in Resources */ = {isa = PBXBuildFile; fileRef = C5671C3C212160EA003E14E5 /* Info.plist */; };
		C5671C47212160EA003E14E5 /* HomeViewController.xib in Resources */ = {isa = PBXBuildFile; fileRef = C5671C3E212160EA003E14E5 /* HomeViewController.xib */; };
		C5671C48212160EA003E14E5 /* HomeViewController.swift in Sources */ = {isa = PBXBuildFile; fileRef = C5671C3F212160EA003E14E5 /* HomeViewController.swift */; };
		C5671C4E21216274003E14E5 /* HomeSectionModel.swift in Sources */ = {isa = PBXBuildFile; fileRef = C5671C4D21216274003E14E5 /* HomeSectionModel.swift */; };
		C5671C6F21227FB4003E14E5 /* HomeSectionView.swift in Sources */ = {isa = PBXBuildFile; fileRef = C5671C6E21227FB4003E14E5 /* HomeSectionView.swift */; };
		C5671C7121227FBE003E14E5 /* HomeSectionView.xib in Resources */ = {isa = PBXBuildFile; fileRef = C5671C7021227FBE003E14E5 /* HomeSectionView.xib */; };
		C5671C742122AC2E003E14E5 /* RxSectionViewDelegateProxy.swift in Sources */ = {isa = PBXBuildFile; fileRef = C5671C732122AC2E003E14E5 /* RxSectionViewDelegateProxy.swift */; };
		C5671C762122B1DF003E14E5 /* HomeSectionView+Rx.swift in Sources */ = {isa = PBXBuildFile; fileRef = C5671C752122B1DF003E14E5 /* HomeSectionView+Rx.swift */; };
		D07D02721F4AF47E001CDEDF /* RxSwiftDemoTests.swift in Sources */ = {isa = PBXBuildFile; fileRef = D07D02711F4AF47E001CDEDF /* RxSwiftDemoTests.swift */; };
		D07D027D1F4AF47E001CDEDF /* RxSwiftDemoUITests.swift in Sources */ = {isa = PBXBuildFile; fileRef = D07D027C1F4AF47E001CDEDF /* RxSwiftDemoUITests.swift */; };
		FF8C299B722CD08FC41CB868 /* Pods_RxSwiftDemoUITests.framework in Frameworks */ = {isa = PBXBuildFile; fileRef = AA7F72B0CAEAB4957EFC7613 /* Pods_RxSwiftDemoUITests.framework */; };
/* End PBXBuildFile section */

/* Begin PBXContainerItemProxy section */
		D07D026E1F4AF47E001CDEDF /* PBXContainerItemProxy */ = {
			isa = PBXContainerItemProxy;
			containerPortal = D07D02511F4AF47E001CDEDF /* Project object */;
			proxyType = 1;
			remoteGlobalIDString = D07D02581F4AF47E001CDEDF;
			remoteInfo = RxSwiftDemo;
		};
		D07D02791F4AF47E001CDEDF /* PBXContainerItemProxy */ = {
			isa = PBXContainerItemProxy;
			containerPortal = D07D02511F4AF47E001CDEDF /* Project object */;
			proxyType = 1;
			remoteGlobalIDString = D07D02581F4AF47E001CDEDF;
			remoteInfo = RxSwiftDemo;
		};
/* End PBXContainerItemProxy section */

/* Begin PBXFileReference section */
		19E3AD688BD2723F2AD09D7B /* Pods-RxSwiftDemoTests.release.xcconfig */ = {isa = PBXFileReference; includeInIndex = 1; lastKnownFileType = text.xcconfig; name = "Pods-RxSwiftDemoTests.release.xcconfig"; path = "Pods/Target Support Files/Pods-RxSwiftDemoTests/Pods-RxSwiftDemoTests.release.xcconfig"; sourceTree = "<group>"; };
		1BBAC67330BD27848ABF450F /* Pods_RxSwiftDemo.framework */ = {isa = PBXFileReference; explicitFileType = wrapper.framework; includeInIndex = 0; path = Pods_RxSwiftDemo.framework; sourceTree = BUILT_PRODUCTS_DIR; };
		1C4A780DFCD5732C686D40EB /* Pods-RxSwiftDemo.release.xcconfig */ = {isa = PBXFileReference; includeInIndex = 1; lastKnownFileType = text.xcconfig; name = "Pods-RxSwiftDemo.release.xcconfig"; path = "Pods/Target Support Files/Pods-RxSwiftDemo/Pods-RxSwiftDemo.release.xcconfig"; sourceTree = "<group>"; };
		2E1F5D6F48355BF22A9AABC0 /* Pods-RxSwiftDemoUITests.debug.xcconfig */ = {isa = PBXFileReference; includeInIndex = 1; lastKnownFileType = text.xcconfig; name = "Pods-RxSwiftDemoUITests.debug.xcconfig"; path = "Pods/Target Support Files/Pods-RxSwiftDemoUITests/Pods-RxSwiftDemoUITests.debug.xcconfig"; sourceTree = "<group>"; };
		800F9FBF457A19347A5669CB /* Pods-RxSwiftDemoTests.debug.xcconfig */ = {isa = PBXFileReference; includeInIndex = 1; lastKnownFileType = text.xcconfig; name = "Pods-RxSwiftDemoTests.debug.xcconfig"; path = "Pods/Target Support Files/Pods-RxSwiftDemoTests/Pods-RxSwiftDemoTests.debug.xcconfig"; sourceTree = "<group>"; };
		AA7F72B0CAEAB4957EFC7613 /* Pods_RxSwiftDemoUITests.framework */ = {isa = PBXFileReference; explicitFileType = wrapper.framework; includeInIndex = 0; path = Pods_RxSwiftDemoUITests.framework; sourceTree = BUILT_PRODUCTS_DIR; };
		C5046201212A69C4009585DC /* Observable+ObjectMapper.swift */ = {isa = PBXFileReference; lastKnownFileType = sourcecode.swift; path = "Observable+ObjectMapper.swift"; sourceTree = "<group>"; };
		C5046206212A9403009585DC /* BaseViewModel.swift */ = {isa = PBXFileReference; lastKnownFileType = sourcecode.swift; path = BaseViewModel.swift; sourceTree = "<group>"; };
		C5046208212A9429009585DC /* HomeViewModel.swift */ = {isa = PBXFileReference; lastKnownFileType = sourcecode.swift; path = HomeViewModel.swift; sourceTree = "<group>"; };
		C504620A212A9EE7009585DC /* BaseMainView.swift */ = {isa = PBXFileReference; lastKnownFileType = sourcecode.swift; path = BaseMainView.swift; sourceTree = "<group>"; };
		C504620D212AB06B009585DC /* HomeMainView.swift */ = {isa = PBXFileReference; lastKnownFileType = sourcecode.swift; path = HomeMainView.swift; sourceTree = "<group>"; };
		C504620F212AB548009585DC /* RxBaseMainViewDelegateProxy.swift */ = {isa = PBXFileReference; lastKnownFileType = sourcecode.swift; path = RxBaseMainViewDelegateProxy.swift; sourceTree = "<group>"; };
		C5046211212AB563009585DC /* BaseMainView+Rx.swift */ = {isa = PBXFileReference; lastKnownFileType = sourcecode.swift; path = "BaseMainView+Rx.swift"; sourceTree = "<group>"; };
		C52C4E792124026E005B206A /* MyService.swift */ = {isa = PBXFileReference; lastKnownFileType = sourcecode.swift; path = MyService.swift; sourceTree = "<group>"; };
		C52C4E8A212568C4005B206A /* HomeList.swift */ = {isa = PBXFileReference; fileEncoding = 4; lastKnownFileType = sourcecode.swift; path = HomeList.swift; sourceTree = "<group>"; };
		C52C4E8B212568C4005B206A /* Home.swift */ = {isa = PBXFileReference; fileEncoding = 4; lastKnownFileType = sourcecode.swift; path = Home.swift; sourceTree = "<group>"; };
		C52C4E8C212568C4005B206A /* HomeData.swift */ = {isa = PBXFileReference; fileEncoding = 4; lastKnownFileType = sourcecode.swift; path = HomeData.swift; sourceTree = "<group>"; };
		C52C4E9221257640005B206A /* R.generated.swift */ = {isa = PBXFileReference; fileEncoding = 4; lastKnownFileType = sourcecode.swift; path = R.generated.swift; sourceTree = "<group>"; };
		C5525ECA21266E3600E1C84C /* AuthorModelData.swift */ = {isa = PBXFileReference; fileEncoding = 4; lastKnownFileType = sourcecode.swift; path = AuthorModelData.swift; sourceTree = "<group>"; };
		C5525ECB21266E3700E1C84C /* AuthorModelList.swift */ = {isa = PBXFileReference; fileEncoding = 4; lastKnownFileType = sourcecode.swift; path = AuthorModelList.swift; sourceTree = "<group>"; };
		C5525ECC21266E3700E1C84C /* AuthorModel.swift */ = {isa = PBXFileReference; fileEncoding = 4; lastKnownFileType = sourcecode.swift; path = AuthorModel.swift; sourceTree = "<group>"; };
		C5671C32212160EA003E14E5 /* BaseViewController.swift */ = {isa = PBXFileReference; fileEncoding = 4; lastKnownFileType = sourcecode.swift; path = BaseViewController.swift; sourceTree = "<group>"; };
		C5671C33212160EA003E14E5 /* BaseViewController.xib */ = {isa = PBXFileReference; fileEncoding = 4; lastKnownFileType = file.xib; path = BaseViewController.xib; sourceTree = "<group>"; };
		C5671C36212160EA003E14E5 /* Assets.xcassets */ = {isa = PBXFileReference; lastKnownFileType = folder.assetcatalog; path = Assets.xcassets; sourceTree = "<group>"; };
		C5671C38212160EA003E14E5 /* Base */ = {isa = PBXFileReference; lastKnownFileType = file.storyboard; name = Base; path = Base.lproj/LaunchScreen.storyboard; sourceTree = "<group>"; };
		C5671C3A212160EA003E14E5 /* Base */ = {isa = PBXFileReference; lastKnownFileType = file.storyboard; name = Base; path = Base.lproj/Main.storyboard; sourceTree = "<group>"; };
		C5671C3B212160EA003E14E5 /* AppDelegate.swift */ = {isa = PBXFileReference; fileEncoding = 4; lastKnownFileType = sourcecode.swift; path = AppDelegate.swift; sourceTree = "<group>"; };
		C5671C3C212160EA003E14E5 /* Info.plist */ = {isa = PBXFileReference; fileEncoding = 4; lastKnownFileType = text.plist.xml; path = Info.plist; sourceTree = "<group>"; };
		C5671C3E212160EA003E14E5 /* HomeViewController.xib */ = {isa = PBXFileReference; fileEncoding = 4; lastKnownFileType = file.xib; path = HomeViewController.xib; sourceTree = "<group>"; };
		C5671C3F212160EA003E14E5 /* HomeViewController.swift */ = {isa = PBXFileReference; fileEncoding = 4; lastKnownFileType = sourcecode.swift; path = HomeViewController.swift; sourceTree = "<group>"; };
		C5671C4D21216274003E14E5 /* HomeSectionModel.swift */ = {isa = PBXFileReference; lastKnownFileType = sourcecode.swift; path = HomeSectionModel.swift; sourceTree = "<group>"; };
		C5671C6E21227FB4003E14E5 /* HomeSectionView.swift */ = {isa = PBXFileReference; lastKnownFileType = sourcecode.swift; path = HomeSectionView.swift; sourceTree = "<group>"; };
		C5671C7021227FBE003E14E5 /* HomeSectionView.xib */ = {isa = PBXFileReference; lastKnownFileType = file.xib; path = HomeSectionView.xib; sourceTree = "<group>"; };
		C5671C732122AC2E003E14E5 /* RxSectionViewDelegateProxy.swift */ = {isa = PBXFileReference; lastKnownFileType = sourcecode.swift; path = RxSectionViewDelegateProxy.swift; sourceTree = "<group>"; };
		C5671C752122B1DF003E14E5 /* HomeSectionView+Rx.swift */ = {isa = PBXFileReference; lastKnownFileType = sourcecode.swift; path = "HomeSectionView+Rx.swift"; sourceTree = "<group>"; };
		CD5B08AA820706F463C6B06F /* Pods_RxSwiftDemoTests.framework */ = {isa = PBXFileReference; explicitFileType = wrapper.framework; includeInIndex = 0; path = Pods_RxSwiftDemoTests.framework; sourceTree = BUILT_PRODUCTS_DIR; };
		D07D02591F4AF47E001CDEDF /* RxSwiftDemo.app */ = {isa = PBXFileReference; explicitFileType = wrapper.application; includeInIndex = 0; path = RxSwiftDemo.app; sourceTree = BUILT_PRODUCTS_DIR; };
		D07D026D1F4AF47E001CDEDF /* RxSwiftDemoTests.xctest */ = {isa = PBXFileReference; explicitFileType = wrapper.cfbundle; includeInIndex = 0; path = RxSwiftDemoTests.xctest; sourceTree = BUILT_PRODUCTS_DIR; };
		D07D02711F4AF47E001CDEDF /* RxSwiftDemoTests.swift */ = {isa = PBXFileReference; lastKnownFileType = sourcecode.swift; path = RxSwiftDemoTests.swift; sourceTree = "<group>"; };
		D07D02731F4AF47E001CDEDF /* Info.plist */ = {isa = PBXFileReference; lastKnownFileType = text.plist.xml; path = Info.plist; sourceTree = "<group>"; };
		D07D02781F4AF47E001CDEDF /* RxSwiftDemoUITests.xctest */ = {isa = PBXFileReference; explicitFileType = wrapper.cfbundle; includeInIndex = 0; path = RxSwiftDemoUITests.xctest; sourceTree = BUILT_PRODUCTS_DIR; };
		D07D027C1F4AF47E001CDEDF /* RxSwiftDemoUITests.swift */ = {isa = PBXFileReference; lastKnownFileType = sourcecode.swift; path = RxSwiftDemoUITests.swift; sourceTree = "<group>"; };
		D07D027E1F4AF47E001CDEDF /* Info.plist */ = {isa = PBXFileReference; lastKnownFileType = text.plist.xml; path = Info.plist; sourceTree = "<group>"; };
		DD0C4BBC6EB73FA0F331DD7D /* Pods-RxSwiftDemo.debug.xcconfig */ = {isa = PBXFileReference; includeInIndex = 1; lastKnownFileType = text.xcconfig; name = "Pods-RxSwiftDemo.debug.xcconfig"; path = "Pods/Target Support Files/Pods-RxSwiftDemo/Pods-RxSwiftDemo.debug.xcconfig"; sourceTree = "<group>"; };
		FAA716846E733EF24B3A13DE /* Pods-RxSwiftDemoUITests.release.xcconfig */ = {isa = PBXFileReference; includeInIndex = 1; lastKnownFileType = text.xcconfig; name = "Pods-RxSwiftDemoUITests.release.xcconfig"; path = "Pods/Target Support Files/Pods-RxSwiftDemoUITests/Pods-RxSwiftDemoUITests.release.xcconfig"; sourceTree = "<group>"; };
/* End PBXFileReference section */

/* Begin PBXFrameworksBuildPhase section */
		D07D02561F4AF47E001CDEDF /* Frameworks */ = {
			isa = PBXFrameworksBuildPhase;
			buildActionMask = 2147483647;
			files = (
				80B9D87776B7C8B272260E1F /* Pods_RxSwiftDemo.framework in Frameworks */,
			);
			runOnlyForDeploymentPostprocessing = 0;
		};
		D07D026A1F4AF47E001CDEDF /* Frameworks */ = {
			isa = PBXFrameworksBuildPhase;
			buildActionMask = 2147483647;
			files = (
				B3719A3AE7054B08FE971D30 /* Pods_RxSwiftDemoTests.framework in Frameworks */,
			);
			runOnlyForDeploymentPostprocessing = 0;
		};
		D07D02751F4AF47E001CDEDF /* Frameworks */ = {
			isa = PBXFrameworksBuildPhase;
			buildActionMask = 2147483647;
			files = (
				FF8C299B722CD08FC41CB868 /* Pods_RxSwiftDemoUITests.framework in Frameworks */,
			);
			runOnlyForDeploymentPostprocessing = 0;
		};
/* End PBXFrameworksBuildPhase section */

/* Begin PBXGroup section */
		1293ED9209AB95429DE801DC /* Pods */ = {
			isa = PBXGroup;
			children = (
				DD0C4BBC6EB73FA0F331DD7D /* Pods-RxSwiftDemo.debug.xcconfig */,
				1C4A780DFCD5732C686D40EB /* Pods-RxSwiftDemo.release.xcconfig */,
				800F9FBF457A19347A5669CB /* Pods-RxSwiftDemoTests.debug.xcconfig */,
				19E3AD688BD2723F2AD09D7B /* Pods-RxSwiftDemoTests.release.xcconfig */,
				2E1F5D6F48355BF22A9AABC0 /* Pods-RxSwiftDemoUITests.debug.xcconfig */,
				FAA716846E733EF24B3A13DE /* Pods-RxSwiftDemoUITests.release.xcconfig */,
			);
			name = Pods;
			sourceTree = "<group>";
		};
		3D5E1C55F3F692BDBB3EC2E1 /* Frameworks */ = {
			isa = PBXGroup;
			children = (
				1BBAC67330BD27848ABF450F /* Pods_RxSwiftDemo.framework */,
				CD5B08AA820706F463C6B06F /* Pods_RxSwiftDemoTests.framework */,
				AA7F72B0CAEAB4957EFC7613 /* Pods_RxSwiftDemoUITests.framework */,
			);
			name = Frameworks;
			sourceTree = "<group>";
		};
		C5046203212A93BE009585DC /* ViewModel */ = {
			isa = PBXGroup;
			children = (
				C5046208212A9429009585DC /* HomeViewModel.swift */,
			);
			path = ViewModel;
			sourceTree = "<group>";
		};
		C52C4E7821240250005B206A /* NetWorking */ = {
			isa = PBXGroup;
			children = (
				C52C4E792124026E005B206A /* MyService.swift */,
			);
			path = NetWorking;
			sourceTree = "<group>";
		};
		C52C4E7B212402AF005B206A /* Tool */ = {
			isa = PBXGroup;
			children = (
				C52C4E7821240250005B206A /* NetWorking */,
				C5046201212A69C4009585DC /* Observable+ObjectMapper.swift */,
			);
			path = Tool;
			sourceTree = "<group>";
		};
		C5671C31212160EA003E14E5 /* BaseClass */ = {
			isa = PBXGroup;
			children = (
				C5671C32212160EA003E14E5 /* BaseViewController.swift */,
				C5671C33212160EA003E14E5 /* BaseViewController.xib */,
				C5046206212A9403009585DC /* BaseViewModel.swift */,
				C504620A212A9EE7009585DC /* BaseMainView.swift */,
				C504620F212AB548009585DC /* RxBaseMainViewDelegateProxy.swift */,
				C5046211212AB563009585DC /* BaseMainView+Rx.swift */,
			);
			path = BaseClass;
			sourceTree = "<group>";
		};
		C5671C34212160EA003E14E5 /* Base.lproj */ = {
			isa = PBXGroup;
			children = (
			);
			path = Base.lproj;
			sourceTree = "<group>";
		};
		C5671C35212160EA003E14E5 /* General */ = {
			isa = PBXGroup;
			children = (
				C52C4E9221257640005B206A /* R.generated.swift */,
				C5671C36212160EA003E14E5 /* Assets.xcassets */,
				C5671C37212160EA003E14E5 /* LaunchScreen.storyboard */,
				C5671C39212160EA003E14E5 /* Main.storyboard */,
				C5671C3B212160EA003E14E5 /* AppDelegate.swift */,
			);
			path = General;
			sourceTree = "<group>";
		};
		C5671C3D212160EA003E14E5 /* Home */ = {
			isa = PBXGroup;
			children = (
				C5046203212A93BE009585DC /* ViewModel */,
				C5671C722122AC11003E14E5 /* DelegateProxy */,
				C5671C4B2121618E003E14E5 /* MainView */,
				C5671C4921216157003E14E5 /* Model */,
				C5671C4C21216195003E14E5 /* View */,
				C5671C4A21216185003E14E5 /* ViewController */,
			);
			path = Home;
			sourceTree = "<group>";
		};
		C5671C4921216157003E14E5 /* Model */ = {
			isa = PBXGroup;
			children = (
				C5525ECC21266E3700E1C84C /* AuthorModel.swift */,
				C5525ECA21266E3600E1C84C /* AuthorModelData.swift */,
				C5525ECB21266E3700E1C84C /* AuthorModelList.swift */,
				C52C4E8B212568C4005B206A /* Home.swift */,
				C52C4E8C212568C4005B206A /* HomeData.swift */,
				C52C4E8A212568C4005B206A /* HomeList.swift */,
				C5671C4D21216274003E14E5 /* HomeSectionModel.swift */,
			);
			path = Model;
			sourceTree = "<group>";
		};
		C5671C4A21216185003E14E5 /* ViewController */ = {
			isa = PBXGroup;
			children = (
				C5671C3E212160EA003E14E5 /* HomeViewController.xib */,
				C5671C3F212160EA003E14E5 /* HomeViewController.swift */,
			);
			path = ViewController;
			sourceTree = "<group>";
		};
		C5671C4B2121618E003E14E5 /* MainView */ = {
			isa = PBXGroup;
			children = (
				C504620D212AB06B009585DC /* HomeMainView.swift */,
			);
			path = MainView;
			sourceTree = "<group>";
		};
		C5671C4C21216195003E14E5 /* View */ = {
			isa = PBXGroup;
			children = (
				C5671C6E21227FB4003E14E5 /* HomeSectionView.swift */,
				C5671C7021227FBE003E14E5 /* HomeSectionView.xib */,
			);
			path = View;
			sourceTree = "<group>";
		};
		C5671C722122AC11003E14E5 /* DelegateProxy */ = {
			isa = PBXGroup;
			children = (
				C5671C732122AC2E003E14E5 /* RxSectionViewDelegateProxy.swift */,
				C5671C752122B1DF003E14E5 /* HomeSectionView+Rx.swift */,
			);
			path = DelegateProxy;
			sourceTree = "<group>";
		};
		D07D02501F4AF47E001CDEDF = {
			isa = PBXGroup;
			children = (
				D07D025B1F4AF47E001CDEDF /* RxSwiftDemo */,
				D07D02701F4AF47E001CDEDF /* RxSwiftDemoTests */,
				D07D027B1F4AF47E001CDEDF /* RxSwiftDemoUITests */,
				D07D025A1F4AF47E001CDEDF /* Products */,
				1293ED9209AB95429DE801DC /* Pods */,
				3D5E1C55F3F692BDBB3EC2E1 /* Frameworks */,
			);
			sourceTree = "<group>";
		};
		D07D025A1F4AF47E001CDEDF /* Products */ = {
			isa = PBXGroup;
			children = (
				D07D02591F4AF47E001CDEDF /* RxSwiftDemo.app */,
				D07D026D1F4AF47E001CDEDF /* RxSwiftDemoTests.xctest */,
				D07D02781F4AF47E001CDEDF /* RxSwiftDemoUITests.xctest */,
			);
			name = Products;
			sourceTree = "<group>";
		};
		D07D025B1F4AF47E001CDEDF /* RxSwiftDemo */ = {
			isa = PBXGroup;
			children = (
				C52C4E7B212402AF005B206A /* Tool */,
				C5671C34212160EA003E14E5 /* Base.lproj */,
				C5671C31212160EA003E14E5 /* BaseClass */,
				C5671C35212160EA003E14E5 /* General */,
				C5671C3D212160EA003E14E5 /* Home */,
				C5671C3C212160EA003E14E5 /* Info.plist */,
			);
			path = RxSwiftDemo;
			sourceTree = "<group>";
		};
		D07D02701F4AF47E001CDEDF /* RxSwiftDemoTests */ = {
			isa = PBXGroup;
			children = (
				D07D02711F4AF47E001CDEDF /* RxSwiftDemoTests.swift */,
				D07D02731F4AF47E001CDEDF /* Info.plist */,
			);
			path = RxSwiftDemoTests;
			sourceTree = "<group>";
		};
		D07D027B1F4AF47E001CDEDF /* RxSwiftDemoUITests */ = {
			isa = PBXGroup;
			children = (
				D07D027C1F4AF47E001CDEDF /* RxSwiftDemoUITests.swift */,
				D07D027E1F4AF47E001CDEDF /* Info.plist */,
			);
			path = RxSwiftDemoUITests;
			sourceTree = "<group>";
		};
/* End PBXGroup section */

/* Begin PBXNativeTarget section */
		D07D02581F4AF47E001CDEDF /* RxSwiftDemo */ = {
			isa = PBXNativeTarget;
			buildConfigurationList = D07D02811F4AF47E001CDEDF /* Build configuration list for PBXNativeTarget "RxSwiftDemo" */;
			buildPhases = (
				BB823444997EDF8E5C86A4BF /* [CP] Check Pods Manifest.lock */,
				D07D02551F4AF47E001CDEDF /* Sources */,
				D07D02561F4AF47E001CDEDF /* Frameworks */,
				D07D02571F4AF47E001CDEDF /* Resources */,
				851B1D6B8DD830FB8D90FB5D /* [CP] Embed Pods Frameworks */,
				C52C4E912125750F005B206A /* ShellScript */,
			);
			buildRules = (
			);
			dependencies = (
			);
			name = RxSwiftDemo;
			productName = RxSwiftDemo;
			productReference = D07D02591F4AF47E001CDEDF /* RxSwiftDemo.app */;
			productType = "com.apple.product-type.application";
		};
		D07D026C1F4AF47E001CDEDF /* RxSwiftDemoTests */ = {
			isa = PBXNativeTarget;
			buildConfigurationList = D07D02841F4AF47E001CDEDF /* Build configuration list for PBXNativeTarget "RxSwiftDemoTests" */;
			buildPhases = (
				0D554E4AE01718319C401EF1 /* [CP] Check Pods Manifest.lock */,
				D07D02691F4AF47E001CDEDF /* Sources */,
				D07D026A1F4AF47E001CDEDF /* Frameworks */,
				D07D026B1F4AF47E001CDEDF /* Resources */,
			);
			buildRules = (
			);
			dependencies = (
				D07D026F1F4AF47E001CDEDF /* PBXTargetDependency */,
			);
			name = RxSwiftDemoTests;
			productName = RxSwiftDemoTests;
			productReference = D07D026D1F4AF47E001CDEDF /* RxSwiftDemoTests.xctest */;
			productType = "com.apple.product-type.bundle.unit-test";
		};
		D07D02771F4AF47E001CDEDF /* RxSwiftDemoUITests */ = {
			isa = PBXNativeTarget;
			buildConfigurationList = D07D02871F4AF47E001CDEDF /* Build configuration list for PBXNativeTarget "RxSwiftDemoUITests" */;
			buildPhases = (
				A12241616A97286DE1C8FB1A /* [CP] Check Pods Manifest.lock */,
				D07D02741F4AF47E001CDEDF /* Sources */,
				D07D02751F4AF47E001CDEDF /* Frameworks */,
				D07D02761F4AF47E001CDEDF /* Resources */,
			);
			buildRules = (
			);
			dependencies = (
				D07D027A1F4AF47E001CDEDF /* PBXTargetDependency */,
			);
			name = RxSwiftDemoUITests;
			productName = RxSwiftDemoUITests;
			productReference = D07D02781F4AF47E001CDEDF /* RxSwiftDemoUITests.xctest */;
			productType = "com.apple.product-type.bundle.ui-testing";
		};
/* End PBXNativeTarget section */

/* Begin PBXProject section */
		D07D02511F4AF47E001CDEDF /* Project object */ = {
			isa = PBXProject;
			attributes = {
				LastSwiftUpdateCheck = 0830;
				LastUpgradeCheck = 0830;
				ORGANIZATIONNAME = Justin;
				TargetAttributes = {
					D07D02581F4AF47E001CDEDF = {
						CreatedOnToolsVersion = 8.3.3;
						DevelopmentTeam = 5UB324DE42;
						ProvisioningStyle = Automatic;
					};
					D07D026C1F4AF47E001CDEDF = {
						CreatedOnToolsVersion = 8.3.3;
						DevelopmentTeam = 5UB324DE42;
						ProvisioningStyle = Automatic;
						TestTargetID = D07D02581F4AF47E001CDEDF;
					};
					D07D02771F4AF47E001CDEDF = {
						CreatedOnToolsVersion = 8.3.3;
						DevelopmentTeam = 5UB324DE42;
						ProvisioningStyle = Automatic;
						TestTargetID = D07D02581F4AF47E001CDEDF;
					};
				};
			};
			buildConfigurationList = D07D02541F4AF47E001CDEDF /* Build configuration list for PBXProject "RxSwiftDemo" */;
			compatibilityVersion = "Xcode 3.2";
			developmentRegion = English;
			hasScannedForEncodings = 0;
			knownRegions = (
				en,
				Base,
			);
			mainGroup = D07D02501F4AF47E001CDEDF;
			productRefGroup = D07D025A1F4AF47E001CDEDF /* Products */;
			projectDirPath = "";
			projectRoot = "";
			targets = (
				D07D02581F4AF47E001CDEDF /* RxSwiftDemo */,
				D07D026C1F4AF47E001CDEDF /* RxSwiftDemoTests */,
				D07D02771F4AF47E001CDEDF /* RxSwiftDemoUITests */,
			);
		};
/* End PBXProject section */

/* Begin PBXResourcesBuildPhase section */
		D07D02571F4AF47E001CDEDF /* Resources */ = {
			isa = PBXResourcesBuildPhase;
			buildActionMask = 2147483647;
			files = (
				C5671C43212160EA003E14E5 /* LaunchScreen.storyboard in Resources */,
				C5671C41212160EA003E14E5 /* BaseViewController.xib in Resources */,
				C5671C42212160EA003E14E5 /* Assets.xcassets in Resources */,
				C5671C44212160EA003E14E5 /* Main.storyboard in Resources */,
				C5671C46212160EA003E14E5 /* Info.plist in Resources */,
				C5671C7121227FBE003E14E5 /* HomeSectionView.xib in Resources */,
				C5671C47212160EA003E14E5 /* HomeViewController.xib in Resources */,
			);
			runOnlyForDeploymentPostprocessing = 0;
		};
		D07D026B1F4AF47E001CDEDF /* Resources */ = {
			isa = PBXResourcesBuildPhase;
			buildActionMask = 2147483647;
			files = (
			);
			runOnlyForDeploymentPostprocessing = 0;
		};
		D07D02761F4AF47E001CDEDF /* Resources */ = {
			isa = PBXResourcesBuildPhase;
			buildActionMask = 2147483647;
			files = (
			);
			runOnlyForDeploymentPostprocessing = 0;
		};
/* End PBXResourcesBuildPhase section */

/* Begin PBXShellScriptBuildPhase section */
		0D554E4AE01718319C401EF1 /* [CP] Check Pods Manifest.lock */ = {
			isa = PBXShellScriptBuildPhase;
			buildActionMask = 2147483647;
			files = (
			);
			inputPaths = (
				"${PODS_PODFILE_DIR_PATH}/Podfile.lock",
				"${PODS_ROOT}/Manifest.lock",
			);
			name = "[CP] Check Pods Manifest.lock";
			outputPaths = (
				"$(DERIVED_FILE_DIR)/Pods-RxSwiftDemoTests-checkManifestLockResult.txt",
			);
			runOnlyForDeploymentPostprocessing = 0;
			shellPath = /bin/sh;
			shellScript = "diff \"${PODS_PODFILE_DIR_PATH}/Podfile.lock\" \"${PODS_ROOT}/Manifest.lock\" > /dev/null\nif [ $? != 0 ] ; then\n    # print error to STDERR\n    echo \"error: The sandbox is not in sync with the Podfile.lock. Run 'pod install' or update your CocoaPods installation.\" >&2\n    exit 1\nfi\n# This output is used by Xcode 'outputs' to avoid re-running this script phase.\necho \"SUCCESS\" > \"${SCRIPT_OUTPUT_FILE_0}\"\n";
			showEnvVarsInLog = 0;
		};
		851B1D6B8DD830FB8D90FB5D /* [CP] Embed Pods Frameworks */ = {
			isa = PBXShellScriptBuildPhase;
			buildActionMask = 2147483647;
			files = (
			);
			inputPaths = (
				"${SRCROOT}/Pods/Target Support Files/Pods-RxSwiftDemo/Pods-RxSwiftDemo-frameworks.sh",
				"${BUILT_PRODUCTS_DIR}/Alamofire/Alamofire.framework",
				"${BUILT_PRODUCTS_DIR}/Differentiator/Differentiator.framework",
				"${BUILT_PRODUCTS_DIR}/Moya/Moya.framework",
				"${BUILT_PRODUCTS_DIR}/ObjectMapper/ObjectMapper.framework",
				"${BUILT_PRODUCTS_DIR}/R.swift.Library/Rswift.framework",
				"${BUILT_PRODUCTS_DIR}/Realm/Realm.framework",
				"${BUILT_PRODUCTS_DIR}/RealmSwift/RealmSwift.framework",
				"${BUILT_PRODUCTS_DIR}/Result/Result.framework",
				"${BUILT_PRODUCTS_DIR}/RxCocoa/RxCocoa.framework",
				"${BUILT_PRODUCTS_DIR}/RxDataSources/RxDataSources.framework",
				"${BUILT_PRODUCTS_DIR}/RxRealm/RxRealm.framework",
				"${BUILT_PRODUCTS_DIR}/RxRealmDataSources/RxRealmDataSources.framework",
				"${BUILT_PRODUCTS_DIR}/RxSwift/RxSwift.framework",
				"${BUILT_PRODUCTS_DIR}/SwiftyJSON/SwiftyJSON.framework",
			);
			name = "[CP] Embed Pods Frameworks";
			outputPaths = (
				"${TARGET_BUILD_DIR}/${FRAMEWORKS_FOLDER_PATH}/Alamofire.framework",
				"${TARGET_BUILD_DIR}/${FRAMEWORKS_FOLDER_PATH}/Differentiator.framework",
				"${TARGET_BUILD_DIR}/${FRAMEWORKS_FOLDER_PATH}/Moya.framework",
				"${TARGET_BUILD_DIR}/${FRAMEWORKS_FOLDER_PATH}/ObjectMapper.framework",
				"${TARGET_BUILD_DIR}/${FRAMEWORKS_FOLDER_PATH}/Rswift.framework",
				"${TARGET_BUILD_DIR}/${FRAMEWORKS_FOLDER_PATH}/Realm.framework",
				"${TARGET_BUILD_DIR}/${FRAMEWORKS_FOLDER_PATH}/RealmSwift.framework",
				"${TARGET_BUILD_DIR}/${FRAMEWORKS_FOLDER_PATH}/Result.framework",
				"${TARGET_BUILD_DIR}/${FRAMEWORKS_FOLDER_PATH}/RxCocoa.framework",
				"${TARGET_BUILD_DIR}/${FRAMEWORKS_FOLDER_PATH}/RxDataSources.framework",
				"${TARGET_BUILD_DIR}/${FRAMEWORKS_FOLDER_PATH}/RxRealm.framework",
				"${TARGET_BUILD_DIR}/${FRAMEWORKS_FOLDER_PATH}/RxRealmDataSources.framework",
				"${TARGET_BUILD_DIR}/${FRAMEWORKS_FOLDER_PATH}/RxSwift.framework",
				"${TARGET_BUILD_DIR}/${FRAMEWORKS_FOLDER_PATH}/SwiftyJSON.framework",
			);
			runOnlyForDeploymentPostprocessing = 0;
			shellPath = /bin/sh;
			shellScript = "\"${SRCROOT}/Pods/Target Support Files/Pods-RxSwiftDemo/Pods-RxSwiftDemo-frameworks.sh\"\n";
			showEnvVarsInLog = 0;
		};
		A12241616A97286DE1C8FB1A /* [CP] Check Pods Manifest.lock */ = {
			isa = PBXShellScriptBuildPhase;
			buildActionMask = 2147483647;
			files = (
			);
			inputPaths = (
				"${PODS_PODFILE_DIR_PATH}/Podfile.lock",
				"${PODS_ROOT}/Manifest.lock",
			);
			name = "[CP] Check Pods Manifest.lock";
			outputPaths = (
				"$(DERIVED_FILE_DIR)/Pods-RxSwiftDemoUITests-checkManifestLockResult.txt",
			);
			runOnlyForDeploymentPostprocessing = 0;
			shellPath = /bin/sh;
			shellScript = "diff \"${PODS_PODFILE_DIR_PATH}/Podfile.lock\" \"${PODS_ROOT}/Manifest.lock\" > /dev/null\nif [ $? != 0 ] ; then\n    # print error to STDERR\n    echo \"error: The sandbox is not in sync with the Podfile.lock. Run 'pod install' or update your CocoaPods installation.\" >&2\n    exit 1\nfi\n# This output is used by Xcode 'outputs' to avoid re-running this script phase.\necho \"SUCCESS\" > \"${SCRIPT_OUTPUT_FILE_0}\"\n";
			showEnvVarsInLog = 0;
		};
		BB823444997EDF8E5C86A4BF /* [CP] Check Pods Manifest.lock */ = {
			isa = PBXShellScriptBuildPhase;
			buildActionMask = 2147483647;
			files = (
			);
			inputPaths = (
				"${PODS_PODFILE_DIR_PATH}/Podfile.lock",
				"${PODS_ROOT}/Manifest.lock",
			);
			name = "[CP] Check Pods Manifest.lock";
			outputPaths = (
				"$(DERIVED_FILE_DIR)/Pods-RxSwiftDemo-checkManifestLockResult.txt",
			);
			runOnlyForDeploymentPostprocessing = 0;
			shellPath = /bin/sh;
			shellScript = "diff \"${PODS_PODFILE_DIR_PATH}/Podfile.lock\" \"${PODS_ROOT}/Manifest.lock\" > /dev/null\nif [ $? != 0 ] ; then\n    # print error to STDERR\n    echo \"error: The sandbox is not in sync with the Podfile.lock. Run 'pod install' or update your CocoaPods installation.\" >&2\n    exit 1\nfi\n# This output is used by Xcode 'outputs' to avoid re-running this script phase.\necho \"SUCCESS\" > \"${SCRIPT_OUTPUT_FILE_0}\"\n";
			showEnvVarsInLog = 0;
		};
		C52C4E912125750F005B206A /* ShellScript */ = {
			isa = PBXShellScriptBuildPhase;
			buildActionMask = 12;
			files = (
			);
			inputPaths = (
			);
			outputPaths = (
			);
			runOnlyForDeploymentPostprocessing = 0;
			shellPath = /bin/sh;
			shellScript = "\"$PODS_ROOT/R.swift/rswift\" generate \"$SRCROOT\"";
		};
/* End PBXShellScriptBuildPhase section */

/* Begin PBXSourcesBuildPhase section */
		D07D02551F4AF47E001CDEDF /* Sources */ = {
			isa = PBXSourcesBuildPhase;
			buildActionMask = 2147483647;
			files = (
				C5671C4E21216274003E14E5 /* HomeSectionModel.swift in Sources */,
				C5046209212A9429009585DC /* HomeViewModel.swift in Sources */,
				C5525ECF21266E3700E1C84C /* AuthorModel.swift in Sources */,
				C5525ECD21266E3700E1C84C /* AuthorModelData.swift in Sources */,
				C5525ECE21266E3700E1C84C /* AuthorModelList.swift in Sources */,
				C5046207212A9403009585DC /* BaseViewModel.swift in Sources */,
				C5046212212AB563009585DC /* BaseMainView+Rx.swift in Sources */,
				C5046202212A69C4009585DC /* Observable+ObjectMapper.swift in Sources */,
				C52C4E7A2124026E005B206A /* MyService.swift in Sources */,
				C52C4E8E212568C4005B206A /* Home.swift in Sources */,
				C5671C762122B1DF003E14E5 /* HomeSectionView+Rx.swift in Sources */,
				C5046210212AB548009585DC /* RxBaseMainViewDelegateProxy.swift in Sources */,
				C52C4E8D212568C4005B206A /* HomeList.swift in Sources */,
				C504620B212A9EE7009585DC /* BaseMainView.swift in Sources */,
				C5671C40212160EA003E14E5 /* BaseViewController.swift in Sources */,
				C5671C45212160EA003E14E5 /* AppDelegate.swift in Sources */,
				C5671C48212160EA003E14E5 /* HomeViewController.swift in Sources */,
				C5671C742122AC2E003E14E5 /* RxSectionViewDelegateProxy.swift in Sources */,
				C5671C6F21227FB4003E14E5 /* HomeSectionView.swift in Sources */,
				C52C4E8F212568C4005B206A /* HomeData.swift in Sources */,
				C504620E212AB06B009585DC /* HomeMainView.swift in Sources */,
				C52C4E9321257640005B206A /* R.generated.swift in Sources */,
			);
			runOnlyForDeploymentPostprocessing = 0;
		};
		D07D02691F4AF47E001CDEDF /* Sources */ = {
			isa = PBXSourcesBuildPhase;
			buildActionMask = 2147483647;
			files = (
				D07D02721F4AF47E001CDEDF /* RxSwiftDemoTests.swift in Sources */,
			);
			runOnlyForDeploymentPostprocessing = 0;
		};
		D07D02741F4AF47E001CDEDF /* Sources */ = {
			isa = PBXSourcesBuildPhase;
			buildActionMask = 2147483647;
			files = (
				D07D027D1F4AF47E001CDEDF /* RxSwiftDemoUITests.swift in Sources */,
			);
			runOnlyForDeploymentPostprocessing = 0;
		};
/* End PBXSourcesBuildPhase section */

/* Begin PBXTargetDependency section */
		D07D026F1F4AF47E001CDEDF /* PBXTargetDependency */ = {
			isa = PBXTargetDependency;
			target = D07D02581F4AF47E001CDEDF /* RxSwiftDemo */;
			targetProxy = D07D026E1F4AF47E001CDEDF /* PBXContainerItemProxy */;
		};
		D07D027A1F4AF47E001CDEDF /* PBXTargetDependency */ = {
			isa = PBXTargetDependency;
			target = D07D02581F4AF47E001CDEDF /* RxSwiftDemo */;
			targetProxy = D07D02791F4AF47E001CDEDF /* PBXContainerItemProxy */;
		};
/* End PBXTargetDependency section */

/* Begin PBXVariantGroup section */
		C5671C37212160EA003E14E5 /* LaunchScreen.storyboard */ = {
			isa = PBXVariantGroup;
			children = (
				C5671C38212160EA003E14E5 /* Base */,
			);
			name = LaunchScreen.storyboard;
			sourceTree = "<group>";
		};
		C5671C39212160EA003E14E5 /* Main.storyboard */ = {
			isa = PBXVariantGroup;
			children = (
				C5671C3A212160EA003E14E5 /* Base */,
			);
			name = Main.storyboard;
			sourceTree = "<group>";
		};
/* End PBXVariantGroup section */

/* Begin XCBuildConfiguration section */
		D07D027F1F4AF47E001CDEDF /* Debug */ = {
			isa = XCBuildConfiguration;
			buildSettings = {
				ALWAYS_SEARCH_USER_PATHS = NO;
				CLANG_ANALYZER_NONNULL = YES;
				CLANG_ANALYZER_NUMBER_OBJECT_CONVERSION = YES_AGGRESSIVE;
				CLANG_CXX_LANGUAGE_STANDARD = "gnu++0x";
				CLANG_CXX_LIBRARY = "libc++";
				CLANG_ENABLE_MODULES = YES;
				CLANG_ENABLE_OBJC_ARC = YES;
				CLANG_WARN_BOOL_CONVERSION = YES;
				CLANG_WARN_CONSTANT_CONVERSION = YES;
				CLANG_WARN_DIRECT_OBJC_ISA_USAGE = YES_ERROR;
				CLANG_WARN_DOCUMENTATION_COMMENTS = YES;
				CLANG_WARN_EMPTY_BODY = YES;
				CLANG_WARN_ENUM_CONVERSION = YES;
				CLANG_WARN_INFINITE_RECURSION = YES;
				CLANG_WARN_INT_CONVERSION = YES;
				CLANG_WARN_OBJC_ROOT_CLASS = YES_ERROR;
				CLANG_WARN_SUSPICIOUS_MOVE = YES;
				CLANG_WARN_UNREACHABLE_CODE = YES;
				CLANG_WARN__DUPLICATE_METHOD_MATCH = YES;
				"CODE_SIGN_IDENTITY[sdk=iphoneos*]" = "iPhone Developer";
				COPY_PHASE_STRIP = NO;
				DEBUG_INFORMATION_FORMAT = dwarf;
				ENABLE_STRICT_OBJC_MSGSEND = YES;
				ENABLE_TESTABILITY = YES;
				GCC_C_LANGUAGE_STANDARD = gnu99;
				GCC_DYNAMIC_NO_PIC = NO;
				GCC_NO_COMMON_BLOCKS = YES;
				GCC_OPTIMIZATION_LEVEL = 0;
				GCC_PREPROCESSOR_DEFINITIONS = (
					"DEBUG=1",
					"$(inherited)",
				);
				GCC_WARN_64_TO_32_BIT_CONVERSION = YES;
				GCC_WARN_ABOUT_RETURN_TYPE = YES_ERROR;
				GCC_WARN_UNDECLARED_SELECTOR = YES;
				GCC_WARN_UNINITIALIZED_AUTOS = YES_AGGRESSIVE;
				GCC_WARN_UNUSED_FUNCTION = YES;
				GCC_WARN_UNUSED_VARIABLE = YES;
				IPHONEOS_DEPLOYMENT_TARGET = 10.3;
				MTL_ENABLE_DEBUG_INFO = YES;
				ONLY_ACTIVE_ARCH = YES;
				SDKROOT = iphoneos;
				SWIFT_ACTIVE_COMPILATION_CONDITIONS = DEBUG;
				SWIFT_OPTIMIZATION_LEVEL = "-Onone";
				TARGETED_DEVICE_FAMILY = "1,2";
			};
			name = Debug;
		};
		D07D02801F4AF47E001CDEDF /* Release */ = {
			isa = XCBuildConfiguration;
			buildSettings = {
				ALWAYS_SEARCH_USER_PATHS = NO;
				CLANG_ANALYZER_NONNULL = YES;
				CLANG_ANALYZER_NUMBER_OBJECT_CONVERSION = YES_AGGRESSIVE;
				CLANG_CXX_LANGUAGE_STANDARD = "gnu++0x";
				CLANG_CXX_LIBRARY = "libc++";
				CLANG_ENABLE_MODULES = YES;
				CLANG_ENABLE_OBJC_ARC = YES;
				CLANG_WARN_BOOL_CONVERSION = YES;
				CLANG_WARN_CONSTANT_CONVERSION = YES;
				CLANG_WARN_DIRECT_OBJC_ISA_USAGE = YES_ERROR;
				CLANG_WARN_DOCUMENTATION_COMMENTS = YES;
				CLANG_WARN_EMPTY_BODY = YES;
				CLANG_WARN_ENUM_CONVERSION = YES;
				CLANG_WARN_INFINITE_RECURSION = YES;
				CLANG_WARN_INT_CONVERSION = YES;
				CLANG_WARN_OBJC_ROOT_CLASS = YES_ERROR;
				CLANG_WARN_SUSPICIOUS_MOVE = YES;
				CLANG_WARN_UNREACHABLE_CODE = YES;
				CLANG_WARN__DUPLICATE_METHOD_MATCH = YES;
				"CODE_SIGN_IDENTITY[sdk=iphoneos*]" = "iPhone Developer";
				COPY_PHASE_STRIP = NO;
				DEBUG_INFORMATION_FORMAT = "dwarf-with-dsym";
				ENABLE_NS_ASSERTIONS = NO;
				ENABLE_STRICT_OBJC_MSGSEND = YES;
				GCC_C_LANGUAGE_STANDARD = gnu99;
				GCC_NO_COMMON_BLOCKS = YES;
				GCC_WARN_64_TO_32_BIT_CONVERSION = YES;
				GCC_WARN_ABOUT_RETURN_TYPE = YES_ERROR;
				GCC_WARN_UNDECLARED_SELECTOR = YES;
				GCC_WARN_UNINITIALIZED_AUTOS = YES_AGGRESSIVE;
				GCC_WARN_UNUSED_FUNCTION = YES;
				GCC_WARN_UNUSED_VARIABLE = YES;
				IPHONEOS_DEPLOYMENT_TARGET = 10.3;
				MTL_ENABLE_DEBUG_INFO = NO;
				SDKROOT = iphoneos;
				SWIFT_OPTIMIZATION_LEVEL = "-Owholemodule";
				TARGETED_DEVICE_FAMILY = "1,2";
				VALIDATE_PRODUCT = YES;
			};
			name = Release;
		};
		D07D02821F4AF47E001CDEDF /* Debug */ = {
			isa = XCBuildConfiguration;
			baseConfigurationReference = DD0C4BBC6EB73FA0F331DD7D /* Pods-RxSwiftDemo.debug.xcconfig */;
			buildSettings = {
				ASSETCATALOG_COMPILER_APPICON_NAME = AppIcon;
				DEVELOPMENT_TEAM = 5UB324DE42;
				INFOPLIST_FILE = RxSwiftDemo/Info.plist;
				LD_RUNPATH_SEARCH_PATHS = "$(inherited) @executable_path/Frameworks";
				PRODUCT_BUNDLE_IDENTIFIER = com.Justin.RxSwiftDemo;
				PRODUCT_NAME = "$(TARGET_NAME)";
				SWIFT_VERSION = 3.0;
			};
			name = Debug;
		};
		D07D02831F4AF47E001CDEDF /* Release */ = {
			isa = XCBuildConfiguration;
			baseConfigurationReference = 1C4A780DFCD5732C686D40EB /* Pods-RxSwiftDemo.release.xcconfig */;
			buildSettings = {
				ASSETCATALOG_COMPILER_APPICON_NAME = AppIcon;
				DEVELOPMENT_TEAM = 5UB324DE42;
				INFOPLIST_FILE = RxSwiftDemo/Info.plist;
				LD_RUNPATH_SEARCH_PATHS = "$(inherited) @executable_path/Frameworks";
				PRODUCT_BUNDLE_IDENTIFIER = com.Justin.RxSwiftDemo;
				PRODUCT_NAME = "$(TARGET_NAME)";
				SWIFT_VERSION = 3.0;
			};
			name = Release;
		};
		D07D02851F4AF47E001CDEDF /* Debug */ = {
			isa = XCBuildConfiguration;
			baseConfigurationReference = 800F9FBF457A19347A5669CB /* Pods-RxSwiftDemoTests.debug.xcconfig */;
			buildSettings = {
				ALWAYS_EMBED_SWIFT_STANDARD_LIBRARIES = YES;
				BUNDLE_LOADER = "$(TEST_HOST)";
				DEVELOPMENT_TEAM = 5UB324DE42;
				INFOPLIST_FILE = RxSwiftDemoTests/Info.plist;
				LD_RUNPATH_SEARCH_PATHS = "$(inherited) @executable_path/Frameworks @loader_path/Frameworks";
				PRODUCT_BUNDLE_IDENTIFIER = com.Justin.RxSwiftDemoTests;
				PRODUCT_NAME = "$(TARGET_NAME)";
				SWIFT_VERSION = 3.0;
				TEST_HOST = "$(BUILT_PRODUCTS_DIR)/RxSwiftDemo.app/RxSwiftDemo";
			};
			name = Debug;
		};
		D07D02861F4AF47E001CDEDF /* Release */ = {
			isa = XCBuildConfiguration;
			baseConfigurationReference = 19E3AD688BD2723F2AD09D7B /* Pods-RxSwiftDemoTests.release.xcconfig */;
			buildSettings = {
				ALWAYS_EMBED_SWIFT_STANDARD_LIBRARIES = YES;
				BUNDLE_LOADER = "$(TEST_HOST)";
				DEVELOPMENT_TEAM = 5UB324DE42;
				INFOPLIST_FILE = RxSwiftDemoTests/Info.plist;
				LD_RUNPATH_SEARCH_PATHS = "$(inherited) @executable_path/Frameworks @loader_path/Frameworks";
				PRODUCT_BUNDLE_IDENTIFIER = com.Justin.RxSwiftDemoTests;
				PRODUCT_NAME = "$(TARGET_NAME)";
				SWIFT_VERSION = 3.0;
				TEST_HOST = "$(BUILT_PRODUCTS_DIR)/RxSwiftDemo.app/RxSwiftDemo";
			};
			name = Release;
		};
		D07D02881F4AF47E001CDEDF /* Debug */ = {
			isa = XCBuildConfiguration;
			baseConfigurationReference = 2E1F5D6F48355BF22A9AABC0 /* Pods-RxSwiftDemoUITests.debug.xcconfig */;
			buildSettings = {
				ALWAYS_EMBED_SWIFT_STANDARD_LIBRARIES = YES;
				DEVELOPMENT_TEAM = 5UB324DE42;
				INFOPLIST_FILE = RxSwiftDemoUITests/Info.plist;
				LD_RUNPATH_SEARCH_PATHS = "$(inherited) @executable_path/Frameworks @loader_path/Frameworks";
				PRODUCT_BUNDLE_IDENTIFIER = com.Justin.RxSwiftDemoUITests;
				PRODUCT_NAME = "$(TARGET_NAME)";
				SWIFT_VERSION = 3.0;
				TEST_TARGET_NAME = RxSwiftDemo;
			};
			name = Debug;
		};
		D07D02891F4AF47E001CDEDF /* Release */ = {
			isa = XCBuildConfiguration;
			baseConfigurationReference = FAA716846E733EF24B3A13DE /* Pods-RxSwiftDemoUITests.release.xcconfig */;
			buildSettings = {
				ALWAYS_EMBED_SWIFT_STANDARD_LIBRARIES = YES;
				DEVELOPMENT_TEAM = 5UB324DE42;
				INFOPLIST_FILE = RxSwiftDemoUITests/Info.plist;
				LD_RUNPATH_SEARCH_PATHS = "$(inherited) @executable_path/Frameworks @loader_path/Frameworks";
				PRODUCT_BUNDLE_IDENTIFIER = com.Justin.RxSwiftDemoUITests;
				PRODUCT_NAME = "$(TARGET_NAME)";
				SWIFT_VERSION = 3.0;
				TEST_TARGET_NAME = RxSwiftDemo;
			};
			name = Release;
		};
/* End XCBuildConfiguration section */

/* Begin XCConfigurationList section */
		D07D02541F4AF47E001CDEDF /* Build configuration list for PBXProject "RxSwiftDemo" */ = {
			isa = XCConfigurationList;
			buildConfigurations = (
				D07D027F1F4AF47E001CDEDF /* Debug */,
				D07D02801F4AF47E001CDEDF /* Release */,
			);
			defaultConfigurationIsVisible = 0;
			defaultConfigurationName = Release;
		};
		D07D02811F4AF47E001CDEDF /* Build configuration list for PBXNativeTarget "RxSwiftDemo" */ = {
			isa = XCConfigurationList;
			buildConfigurations = (
				D07D02821F4AF47E001CDEDF /* Debug */,
				D07D02831F4AF47E001CDEDF /* Release */,
			);
			defaultConfigurationIsVisible = 0;
			defaultConfigurationName = Release;
		};
		D07D02841F4AF47E001CDEDF /* Build configuration list for PBXNativeTarget "RxSwiftDemoTests" */ = {
			isa = XCConfigurationList;
			buildConfigurations = (
				D07D02851F4AF47E001CDEDF /* Debug */,
				D07D02861F4AF47E001CDEDF /* Release */,
			);
			defaultConfigurationIsVisible = 0;
			defaultConfigurationName = Release;
		};
		D07D02871F4AF47E001CDEDF /* Build configuration list for PBXNativeTarget "RxSwiftDemoUITests" */ = {
			isa = XCConfigurationList;
			buildConfigurations = (
				D07D02881F4AF47E001CDEDF /* Debug */,
				D07D02891F4AF47E001CDEDF /* Release */,
			);
			defaultConfigurationIsVisible = 0;
			defaultConfigurationName = Release;
		};
/* End XCConfigurationList section */
	};
	rootObject = D07D02511F4AF47E001CDEDF /* Project object */;
}
