// !$*UTF8*$!
{
	archiveVersion = 1;
	classes = {
	};
	objectVersion = 46;
	objects = {

/* Begin PBXBuildFile section */
		80B9D87776B7C8B272260E1F /* Pods_RxSwiftDemo.framework in Frameworks */ = {isa = PBXBuildFile; fileRef = 1BBAC67330BD27848ABF450F /* Pods_RxSwiftDemo.framework */; };
		B3719A3AE7054B08FE971D30 /* Pods_RxSwiftDemoTests.framework in Frameworks */ = {isa = PBXBuildFile; fileRef = CD5B08AA820706F463C6B06F /* Pods_RxSwiftDemoTests.framework */; };
		D07D025D1F4AF47E001CDEDF /* AppDelegate.swift in Sources */ = {isa = PBXBuildFile; fileRef = D07D025C1F4AF47E001CDEDF /* AppDelegate.swift */; };
		D07D02621F4AF47E001CDEDF /* Main.storyboard in Resources */ = {isa = PBXBuildFile; fileRef = D07D02601F4AF47E001CDEDF /* Main.storyboard */; };
		D07D02641F4AF47E001CDEDF /* Assets.xcassets in Resources */ = {isa = PBXBuildFile; fileRef = D07D02631F4AF47E001CDEDF /* Assets.xcassets */; };
		D07D02671F4AF47E001CDEDF /* LaunchScreen.storyboard in Resources */ = {isa = PBXBuildFile; fileRef = D07D02651F4AF47E001CDEDF /* LaunchScreen.storyboard */; };
		D07D02721F4AF47E001CDEDF /* RxSwiftDemoTests.swift in Sources */ = {isa = PBXBuildFile; fileRef = D07D02711F4AF47E001CDEDF /* RxSwiftDemoTests.swift */; };
		D07D027D1F4AF47E001CDEDF /* RxSwiftDemoUITests.swift in Sources */ = {isa = PBXBuildFile; fileRef = D07D027C1F4AF47E001CDEDF /* RxSwiftDemoUITests.swift */; };
		D07D02931F4C3B13001CDEDF /* HomeTableViewController.swift in Sources */ = {isa = PBXBuildFile; fileRef = D07D02921F4C3B13001CDEDF /* HomeTableViewController.swift */; };
		D07D02951F4C3B4B001CDEDF /* NotificationViewController.swift in Sources */ = {isa = PBXBuildFile; fileRef = D07D02941F4C3B4B001CDEDF /* NotificationViewController.swift */; };
		FF8C299B722CD08FC41CB868 /* Pods_RxSwiftDemoUITests.framework in Frameworks */ = {isa = PBXBuildFile; fileRef = AA7F72B0CAEAB4957EFC7613 /* Pods_RxSwiftDemoUITests.framework */; };
/* End PBXBuildFile section */

/* Begin PBXContainerItemProxy section */
		D07D026E1F4AF47E001CDEDF /* PBXContainerItemProxy */ = {
			isa = PBXContainerItemProxy;
			containerPortal = D07D02511F4AF47E001CDEDF /* Project object */;
			proxyType = 1;
			remoteGlobalIDString = D07D02581F4AF47E001CDEDF;
			remoteInfo = RxSwiftDemo;
		};
		D07D02791F4AF47E001CDEDF /* PBXContainerItemProxy */ = {
			isa = PBXContainerItemProxy;
			containerPortal = D07D02511F4AF47E001CDEDF /* Project object */;
			proxyType = 1;
			remoteGlobalIDString = D07D02581F4AF47E001CDEDF;
			remoteInfo = RxSwiftDemo;
		};
/* End PBXContainerItemProxy section */

/* Begin PBXFileReference section */
		19E3AD688BD2723F2AD09D7B /* Pods-RxSwiftDemoTests.release.xcconfig */ = {isa = PBXFileReference; includeInIndex = 1; lastKnownFileType = text.xcconfig; name = "Pods-RxSwiftDemoTests.release.xcconfig"; path = "Pods/Target Support Files/Pods-RxSwiftDemoTests/Pods-RxSwiftDemoTests.release.xcconfig"; sourceTree = "<group>"; };
		1BBAC67330BD27848ABF450F /* Pods_RxSwiftDemo.framework */ = {isa = PBXFileReference; explicitFileType = wrapper.framework; includeInIndex = 0; path = Pods_RxSwiftDemo.framework; sourceTree = BUILT_PRODUCTS_DIR; };
		1C4A780DFCD5732C686D40EB /* Pods-RxSwiftDemo.release.xcconfig */ = {isa = PBXFileReference; includeInIndex = 1; lastKnownFileType = text.xcconfig; name = "Pods-RxSwiftDemo.release.xcconfig"; path = "Pods/Target Support Files/Pods-RxSwiftDemo/Pods-RxSwiftDemo.release.xcconfig"; sourceTree = "<group>"; };
		2E1F5D6F48355BF22A9AABC0 /* Pods-RxSwiftDemoUITests.debug.xcconfig */ = {isa = PBXFileReference; includeInIndex = 1; lastKnownFileType = text.xcconfig; name = "Pods-RxSwiftDemoUITests.debug.xcconfig"; path = "Pods/Target Support Files/Pods-RxSwiftDemoUITests/Pods-RxSwiftDemoUITests.debug.xcconfig"; sourceTree = "<group>"; };
		800F9FBF457A19347A5669CB /* Pods-RxSwiftDemoTests.debug.xcconfig */ = {isa = PBXFileReference; includeInIndex = 1; lastKnownFileType = text.xcconfig; name = "Pods-RxSwiftDemoTests.debug.xcconfig"; path = "Pods/Target Support Files/Pods-RxSwiftDemoTests/Pods-RxSwiftDemoTests.debug.xcconfig"; sourceTree = "<group>"; };
		AA7F72B0CAEAB4957EFC7613 /* Pods_RxSwiftDemoUITests.framework */ = {isa = PBXFileReference; explicitFileType = wrapper.framework; includeInIndex = 0; path = Pods_RxSwiftDemoUITests.framework; sourceTree = BUILT_PRODUCTS_DIR; };
		CD5B08AA820706F463C6B06F /* Pods_RxSwiftDemoTests.framework */ = {isa = PBXFileReference; explicitFileType = wrapper.framework; includeInIndex = 0; path = Pods_RxSwiftDemoTests.framework; sourceTree = BUILT_PRODUCTS_DIR; };
		D07D02591F4AF47E001CDEDF /* RxSwiftDemo.app */ = {isa = PBXFileReference; explicitFileType = wrapper.application; includeInIndex = 0; path = RxSwiftDemo.app; sourceTree = BUILT_PRODUCTS_DIR; };
		D07D025C1F4AF47E001CDEDF /* AppDelegate.swift */ = {isa = PBXFileReference; lastKnownFileType = sourcecode.swift; path = AppDelegate.swift; sourceTree = "<group>"; };
		D07D02611F4AF47E001CDEDF /* Base */ = {isa = PBXFileReference; lastKnownFileType = file.storyboard; name = Base; path = Base.lproj/Main.storyboard; sourceTree = "<group>"; };
		D07D02631F4AF47E001CDEDF /* Assets.xcassets */ = {isa = PBXFileReference; lastKnownFileType = folder.assetcatalog; path = Assets.xcassets; sourceTree = "<group>"; };
		D07D02661F4AF47E001CDEDF /* Base */ = {isa = PBXFileReference; lastKnownFileType = file.storyboard; name = Base; path = Base.lproj/LaunchScreen.storyboard; sourceTree = "<group>"; };
		D07D02681F4AF47E001CDEDF /* Info.plist */ = {isa = PBXFileReference; lastKnownFileType = text.plist.xml; path = Info.plist; sourceTree = "<group>"; };
		D07D026D1F4AF47E001CDEDF /* RxSwiftDemoTests.xctest */ = {isa = PBXFileReference; explicitFileType = wrapper.cfbundle; includeInIndex = 0; path = RxSwiftDemoTests.xctest; sourceTree = BUILT_PRODUCTS_DIR; };
		D07D02711F4AF47E001CDEDF /* RxSwiftDemoTests.swift */ = {isa = PBXFileReference; lastKnownFileType = sourcecode.swift; path = RxSwiftDemoTests.swift; sourceTree = "<group>"; };
		D07D02731F4AF47E001CDEDF /* Info.plist */ = {isa = PBXFileReference; lastKnownFileType = text.plist.xml; path = Info.plist; sourceTree = "<group>"; };
		D07D02781F4AF47E001CDEDF /* RxSwiftDemoUITests.xctest */ = {isa = PBXFileReference; explicitFileType = wrapper.cfbundle; includeInIndex = 0; path = RxSwiftDemoUITests.xctest; sourceTree = BUILT_PRODUCTS_DIR; };
		D07D027C1F4AF47E001CDEDF /* RxSwiftDemoUITests.swift */ = {isa = PBXFileReference; lastKnownFileType = sourcecode.swift; path = RxSwiftDemoUITests.swift; sourceTree = "<group>"; };
		D07D027E1F4AF47E001CDEDF /* Info.plist */ = {isa = PBXFileReference; lastKnownFileType = text.plist.xml; path = Info.plist; sourceTree = "<group>"; };
		D07D02921F4C3B13001CDEDF /* HomeTableViewController.swift */ = {isa = PBXFileReference; fileEncoding = 4; lastKnownFileType = sourcecode.swift; path = HomeTableViewController.swift; sourceTree = "<group>"; };
		D07D02941F4C3B4B001CDEDF /* NotificationViewController.swift */ = {isa = PBXFileReference; fileEncoding = 4; lastKnownFileType = sourcecode.swift; path = NotificationViewController.swift; sourceTree = "<group>"; };
		DD0C4BBC6EB73FA0F331DD7D /* Pods-RxSwiftDemo.debug.xcconfig */ = {isa = PBXFileReference; includeInIndex = 1; lastKnownFileType = text.xcconfig; name = "Pods-RxSwiftDemo.debug.xcconfig"; path = "Pods/Target Support Files/Pods-RxSwiftDemo/Pods-RxSwiftDemo.debug.xcconfig"; sourceTree = "<group>"; };
		FAA716846E733EF24B3A13DE /* Pods-RxSwiftDemoUITests.release.xcconfig */ = {isa = PBXFileReference; includeInIndex = 1; lastKnownFileType = text.xcconfig; name = "Pods-RxSwiftDemoUITests.release.xcconfig"; path = "Pods/Target Support Files/Pods-RxSwiftDemoUITests/Pods-RxSwiftDemoUITests.release.xcconfig"; sourceTree = "<group>"; };
/* End PBXFileReference section */

/* Begin PBXFrameworksBuildPhase section */
		D07D02561F4AF47E001CDEDF /* Frameworks */ = {
			isa = PBXFrameworksBuildPhase;
			buildActionMask = 2147483647;
			files = (
				80B9D87776B7C8B272260E1F /* Pods_RxSwiftDemo.framework in Frameworks */,
			);
			runOnlyForDeploymentPostprocessing = 0;
		};
		D07D026A1F4AF47E001CDEDF /* Frameworks */ = {
			isa = PBXFrameworksBuildPhase;
			buildActionMask = 2147483647;
			files = (
				B3719A3AE7054B08FE971D30 /* Pods_RxSwiftDemoTests.framework in Frameworks */,
			);
			runOnlyForDeploymentPostprocessing = 0;
		};
		D07D02751F4AF47E001CDEDF /* Frameworks */ = {
			isa = PBXFrameworksBuildPhase;
			buildActionMask = 2147483647;
			files = (
				FF8C299B722CD08FC41CB868 /* Pods_RxSwiftDemoUITests.framework in Frameworks */,
			);
			runOnlyForDeploymentPostprocessing = 0;
		};
/* End PBXFrameworksBuildPhase section */

/* Begin PBXGroup section */
		1293ED9209AB95429DE801DC /* Pods */ = {
			isa = PBXGroup;
			children = (
				DD0C4BBC6EB73FA0F331DD7D /* Pods-RxSwiftDemo.debug.xcconfig */,
				1C4A780DFCD5732C686D40EB /* Pods-RxSwiftDemo.release.xcconfig */,
				800F9FBF457A19347A5669CB /* Pods-RxSwiftDemoTests.debug.xcconfig */,
				19E3AD688BD2723F2AD09D7B /* Pods-RxSwiftDemoTests.release.xcconfig */,
				2E1F5D6F48355BF22A9AABC0 /* Pods-RxSwiftDemoUITests.debug.xcconfig */,
				FAA716846E733EF24B3A13DE /* Pods-RxSwiftDemoUITests.release.xcconfig */,
			);
			name = Pods;
			sourceTree = "<group>";
		};
		3D5E1C55F3F692BDBB3EC2E1 /* Frameworks */ = {
			isa = PBXGroup;
			children = (
				1BBAC67330BD27848ABF450F /* Pods_RxSwiftDemo.framework */,
				CD5B08AA820706F463C6B06F /* Pods_RxSwiftDemoTests.framework */,
				AA7F72B0CAEAB4957EFC7613 /* Pods_RxSwiftDemoUITests.framework */,
			);
			name = Frameworks;
			sourceTree = "<group>";
		};
		D07D02501F4AF47E001CDEDF = {
			isa = PBXGroup;
			children = (
				D07D025B1F4AF47E001CDEDF /* RxSwiftDemo */,
				D07D02701F4AF47E001CDEDF /* RxSwiftDemoTests */,
				D07D027B1F4AF47E001CDEDF /* RxSwiftDemoUITests */,
				D07D025A1F4AF47E001CDEDF /* Products */,
				1293ED9209AB95429DE801DC /* Pods */,
				3D5E1C55F3F692BDBB3EC2E1 /* Frameworks */,
			);
			sourceTree = "<group>";
		};
		D07D025A1F4AF47E001CDEDF /* Products */ = {
			isa = PBXGroup;
			children = (
				D07D02591F4AF47E001CDEDF /* RxSwiftDemo.app */,
				D07D026D1F4AF47E001CDEDF /* RxSwiftDemoTests.xctest */,
				D07D02781F4AF47E001CDEDF /* RxSwiftDemoUITests.xctest */,
			);
			name = Products;
			sourceTree = "<group>";
		};
		D07D025B1F4AF47E001CDEDF /* RxSwiftDemo */ = {
			isa = PBXGroup;
			children = (
				D07D025C1F4AF47E001CDEDF /* AppDelegate.swift */,
				D07D02601F4AF47E001CDEDF /* Main.storyboard */,
				D07D02631F4AF47E001CDEDF /* Assets.xcassets */,
				D07D02651F4AF47E001CDEDF /* LaunchScreen.storyboard */,
				D07D02681F4AF47E001CDEDF /* Info.plist */,
				D07D02921F4C3B13001CDEDF /* HomeTableViewController.swift */,
				D07D02941F4C3B4B001CDEDF /* NotificationViewController.swift */,
			);
			path = RxSwiftDemo;
			sourceTree = "<group>";
		};
		D07D02701F4AF47E001CDEDF /* RxSwiftDemoTests */ = {
			isa = PBXGroup;
			children = (
				D07D02711F4AF47E001CDEDF /* RxSwiftDemoTests.swift */,
				D07D02731F4AF47E001CDEDF /* Info.plist */,
			);
			path = RxSwiftDemoTests;
			sourceTree = "<group>";
		};
		D07D027B1F4AF47E001CDEDF /* RxSwiftDemoUITests */ = {
			isa = PBXGroup;
			children = (
				D07D027C1F4AF47E001CDEDF /* RxSwiftDemoUITests.swift */,
				D07D027E1F4AF47E001CDEDF /* Info.plist */,
			);
			path = RxSwiftDemoUITests;
			sourceTree = "<group>";
		};
/* End PBXGroup section */

/* Begin PBXNativeTarget section */
		D07D02581F4AF47E001CDEDF /* RxSwiftDemo */ = {
			isa = PBXNativeTarget;
			buildConfigurationList = D07D02811F4AF47E001CDEDF /* Build configuration list for PBXNativeTarget "RxSwiftDemo" */;
			buildPhases = (
				BB823444997EDF8E5C86A4BF /* [CP] Check Pods Manifest.lock */,
				D07D02551F4AF47E001CDEDF /* Sources */,
				D07D02561F4AF47E001CDEDF /* Frameworks */,
				D07D02571F4AF47E001CDEDF /* Resources */,
				851B1D6B8DD830FB8D90FB5D /* [CP] Embed Pods Frameworks */,
				99A5F853FDF0C46A4CE04BA6 /* [CP] Copy Pods Resources */,
			);
			buildRules = (
			);
			dependencies = (
			);
			name = RxSwiftDemo;
			productName = RxSwiftDemo;
			productReference = D07D02591F4AF47E001CDEDF /* RxSwiftDemo.app */;
			productType = "com.apple.product-type.application";
		};
		D07D026C1F4AF47E001CDEDF /* RxSwiftDemoTests */ = {
			isa = PBXNativeTarget;
			buildConfigurationList = D07D02841F4AF47E001CDEDF /* Build configuration list for PBXNativeTarget "RxSwiftDemoTests" */;
			buildPhases = (
				0D554E4AE01718319C401EF1 /* [CP] Check Pods Manifest.lock */,
				D07D02691F4AF47E001CDEDF /* Sources */,
				D07D026A1F4AF47E001CDEDF /* Frameworks */,
				D07D026B1F4AF47E001CDEDF /* Resources */,
				0A47CB7E12B5EB050C243331 /* [CP] Embed Pods Frameworks */,
				4AE1B9468459D447F14E3215 /* [CP] Copy Pods Resources */,
			);
			buildRules = (
			);
			dependencies = (
				D07D026F1F4AF47E001CDEDF /* PBXTargetDependency */,
			);
			name = RxSwiftDemoTests;
			productName = RxSwiftDemoTests;
			productReference = D07D026D1F4AF47E001CDEDF /* RxSwiftDemoTests.xctest */;
			productType = "com.apple.product-type.bundle.unit-test";
		};
		D07D02771F4AF47E001CDEDF /* RxSwiftDemoUITests */ = {
			isa = PBXNativeTarget;
			buildConfigurationList = D07D02871F4AF47E001CDEDF /* Build configuration list for PBXNativeTarget "RxSwiftDemoUITests" */;
			buildPhases = (
				A12241616A97286DE1C8FB1A /* [CP] Check Pods Manifest.lock */,
				D07D02741F4AF47E001CDEDF /* Sources */,
				D07D02751F4AF47E001CDEDF /* Frameworks */,
				D07D02761F4AF47E001CDEDF /* Resources */,
				E3825B280BC2834EEC9712F0 /* [CP] Embed Pods Frameworks */,
				311C2B922CF850499D5BFA7F /* [CP] Copy Pods Resources */,
			);
			buildRules = (
			);
			dependencies = (
				D07D027A1F4AF47E001CDEDF /* PBXTargetDependency */,
			);
			name = RxSwiftDemoUITests;
			productName = RxSwiftDemoUITests;
			productReference = D07D02781F4AF47E001CDEDF /* RxSwiftDemoUITests.xctest */;
			productType = "com.apple.product-type.bundle.ui-testing";
		};
/* End PBXNativeTarget section */

/* Begin PBXProject section */
		D07D02511F4AF47E001CDEDF /* Project object */ = {
			isa = PBXProject;
			attributes = {
				LastSwiftUpdateCheck = 0830;
				LastUpgradeCheck = 0830;
				ORGANIZATIONNAME = Justin;
				TargetAttributes = {
					D07D02581F4AF47E001CDEDF = {
						CreatedOnToolsVersion = 8.3.3;
						DevelopmentTeam = 5UB324DE42;
						ProvisioningStyle = Automatic;
					};
					D07D026C1F4AF47E001CDEDF = {
						CreatedOnToolsVersion = 8.3.3;
						DevelopmentTeam = 5UB324DE42;
						ProvisioningStyle = Automatic;
						TestTargetID = D07D02581F4AF47E001CDEDF;
					};
					D07D02771F4AF47E001CDEDF = {
						CreatedOnToolsVersion = 8.3.3;
						DevelopmentTeam = 5UB324DE42;
						ProvisioningStyle = Automatic;
						TestTargetID = D07D02581F4AF47E001CDEDF;
					};
				};
			};
			buildConfigurationList = D07D02541F4AF47E001CDEDF /* Build configuration list for PBXProject "RxSwiftDemo" */;
			compatibilityVersion = "Xcode 3.2";
			developmentRegion = English;
			hasScannedForEncodings = 0;
			knownRegions = (
				en,
				Base,
			);
			mainGroup = D07D02501F4AF47E001CDEDF;
			productRefGroup = D07D025A1F4AF47E001CDEDF /* Products */;
			projectDirPath = "";
			projectRoot = "";
			targets = (
				D07D02581F4AF47E001CDEDF /* RxSwiftDemo */,
				D07D026C1F4AF47E001CDEDF /* RxSwiftDemoTests */,
				D07D02771F4AF47E001CDEDF /* RxSwiftDemoUITests */,
			);
		};
/* End PBXProject section */

/* Begin PBXResourcesBuildPhase section */
		D07D02571F4AF47E001CDEDF /* Resources */ = {
			isa = PBXResourcesBuildPhase;
			buildActionMask = 2147483647;
			files = (
				D07D02671F4AF47E001CDEDF /* LaunchScreen.storyboard in Resources */,
				D07D02641F4AF47E001CDEDF /* Assets.xcassets in Resources */,
				D07D02621F4AF47E001CDEDF /* Main.storyboard in Resources */,
			);
			runOnlyForDeploymentPostprocessing = 0;
		};
		D07D026B1F4AF47E001CDEDF /* Resources */ = {
			isa = PBXResourcesBuildPhase;
			buildActionMask = 2147483647;
			files = (
			);
			runOnlyForDeploymentPostprocessing = 0;
		};
		D07D02761F4AF47E001CDEDF /* Resources */ = {
			isa = PBXResourcesBuildPhase;
			buildActionMask = 2147483647;
			files = (
			);
			runOnlyForDeploymentPostprocessing = 0;
		};
/* End PBXResourcesBuildPhase section */

/* Begin PBXShellScriptBuildPhase section */
		0A47CB7E12B5EB050C243331 /* [CP] Embed Pods Frameworks */ = {
			isa = PBXShellScriptBuildPhase;
			buildActionMask = 2147483647;
			files = (
			);
			inputPaths = (
			);
			name = "[CP] Embed Pods Frameworks";
			outputPaths = (
			);
			runOnlyForDeploymentPostprocessing = 0;
			shellPath = /bin/sh;
			shellScript = "\"${SRCROOT}/Pods/Target Support Files/Pods-RxSwiftDemoTests/Pods-RxSwiftDemoTests-frameworks.sh\"\n";
			showEnvVarsInLog = 0;
		};
		0D554E4AE01718319C401EF1 /* [CP] Check Pods Manifest.lock */ = {
			isa = PBXShellScriptBuildPhase;
			buildActionMask = 2147483647;
			files = (
			);
			inputPaths = (
			);
			name = "[CP] Check Pods Manifest.lock";
			outputPaths = (
			);
			runOnlyForDeploymentPostprocessing = 0;
			shellPath = /bin/sh;
			shellScript = "diff \"${PODS_ROOT}/../Podfile.lock\" \"${PODS_ROOT}/Manifest.lock\" > /dev/null\nif [ $? != 0 ] ; then\n    # print error to STDERR\n    echo \"error: The sandbox is not in sync with the Podfile.lock. Run 'pod install' or update your CocoaPods installation.\" >&2\n    exit 1\nfi\n";
			showEnvVarsInLog = 0;
		};
		311C2B922CF850499D5BFA7F /* [CP] Copy Pods Resources */ = {
			isa = PBXShellScriptBuildPhase;
			buildActionMask = 2147483647;
			files = (
			);
			inputPaths = (
			);
			name = "[CP] Copy Pods Resources";
			outputPaths = (
			);
			runOnlyForDeploymentPostprocessing = 0;
			shellPath = /bin/sh;
			shellScript = "\"${SRCROOT}/Pods/Target Support Files/Pods-RxSwiftDemoUITests/Pods-RxSwiftDemoUITests-resources.sh\"\n";
			showEnvVarsInLog = 0;
		};
		4AE1B9468459D447F14E3215 /* [CP] Copy Pods Resources */ = {
			isa = PBXShellScriptBuildPhase;
			buildActionMask = 2147483647;
			files = (
			);
			inputPaths = (
			);
			name = "[CP] Copy Pods Resources";
			outputPaths = (
			);
			runOnlyForDeploymentPostprocessing = 0;
			shellPath = /bin/sh;
			shellScript = "\"${SRCROOT}/Pods/Target Support Files/Pods-RxSwiftDemoTests/Pods-RxSwiftDemoTests-resources.sh\"\n";
			showEnvVarsInLog = 0;
		};
		851B1D6B8DD830FB8D90FB5D /* [CP] Embed Pods Frameworks */ = {
			isa = PBXShellScriptBuildPhase;
			buildActionMask = 2147483647;
			files = (
			);
			inputPaths = (
			);
			name = "[CP] Embed Pods Frameworks";
			outputPaths = (
			);
			runOnlyForDeploymentPostprocessing = 0;
			shellPath = /bin/sh;
			shellScript = "\"${SRCROOT}/Pods/Target Support Files/Pods-RxSwiftDemo/Pods-RxSwiftDemo-frameworks.sh\"\n";
			showEnvVarsInLog = 0;
		};
		99A5F853FDF0C46A4CE04BA6 /* [CP] Copy Pods Resources */ = {
			isa = PBXShellScriptBuildPhase;
			buildActionMask = 2147483647;
			files = (
			);
			inputPaths = (
			);
			name = "[CP] Copy Pods Resources";
			outputPaths = (
			);
			runOnlyForDeploymentPostprocessing = 0;
			shellPath = /bin/sh;
			shellScript = "\"${SRCROOT}/Pods/Target Support Files/Pods-RxSwiftDemo/Pods-RxSwiftDemo-resources.sh\"\n";
			showEnvVarsInLog = 0;
		};
		A12241616A97286DE1C8FB1A /* [CP] Check Pods Manifest.lock */ = {
			isa = PBXShellScriptBuildPhase;
			buildActionMask = 2147483647;
			files = (
			);
			inputPaths = (
			);
			name = "[CP] Check Pods Manifest.lock";
			outputPaths = (
			);
			runOnlyForDeploymentPostprocessing = 0;
			shellPath = /bin/sh;
			shellScript = "diff \"${PODS_ROOT}/../Podfile.lock\" \"${PODS_ROOT}/Manifest.lock\" > /dev/null\nif [ $? != 0 ] ; then\n    # print error to STDERR\n    echo \"error: The sandbox is not in sync with the Podfile.lock. Run 'pod install' or update your CocoaPods installation.\" >&2\n    exit 1\nfi\n";
			showEnvVarsInLog = 0;
		};
		BB823444997EDF8E5C86A4BF /* [CP] Check Pods Manifest.lock */ = {
			isa = PBXShellScriptBuildPhase;
			buildActionMask = 2147483647;
			files = (
			);
			inputPaths = (
			);
			name = "[CP] Check Pods Manifest.lock";
			outputPaths = (
			);
			runOnlyForDeploymentPostprocessing = 0;
			shellPath = /bin/sh;
			shellScript = "diff \"${PODS_ROOT}/../Podfile.lock\" \"${PODS_ROOT}/Manifest.lock\" > /dev/null\nif [ $? != 0 ] ; then\n    # print error to STDERR\n    echo \"error: The sandbox is not in sync with the Podfile.lock. Run 'pod install' or update your CocoaPods installation.\" >&2\n    exit 1\nfi\n";
			showEnvVarsInLog = 0;
		};
		E3825B280BC2834EEC9712F0 /* [CP] Embed Pods Frameworks */ = {
			isa = PBXShellScriptBuildPhase;
			buildActionMask = 2147483647;
			files = (
			);
			inputPaths = (
			);
			name = "[CP] Embed Pods Frameworks";
			outputPaths = (
			);
			runOnlyForDeploymentPostprocessing = 0;
			shellPath = /bin/sh;
			shellScript = "\"${SRCROOT}/Pods/Target Support Files/Pods-RxSwiftDemoUITests/Pods-RxSwiftDemoUITests-frameworks.sh\"\n";
			showEnvVarsInLog = 0;
		};
/* End PBXShellScriptBuildPhase section */

/* Begin PBXSourcesBuildPhase section */
		D07D02551F4AF47E001CDEDF /* Sources */ = {
			isa = PBXSourcesBuildPhase;
			buildActionMask = 2147483647;
			files = (
				D07D02931F4C3B13001CDEDF /* HomeTableViewController.swift in Sources */,
				D07D025D1F4AF47E001CDEDF /* AppDelegate.swift in Sources */,
				D07D02951F4C3B4B001CDEDF /* NotificationViewController.swift in Sources */,
			);
			runOnlyForDeploymentPostprocessing = 0;
		};
		D07D02691F4AF47E001CDEDF /* Sources */ = {
			isa = PBXSourcesBuildPhase;
			buildActionMask = 2147483647;
			files = (
				D07D02721F4AF47E001CDEDF /* RxSwiftDemoTests.swift in Sources */,
			);
			runOnlyForDeploymentPostprocessing = 0;
		};
		D07D02741F4AF47E001CDEDF /* Sources */ = {
			isa = PBXSourcesBuildPhase;
			buildActionMask = 2147483647;
			files = (
				D07D027D1F4AF47E001CDEDF /* RxSwiftDemoUITests.swift in Sources */,
			);
			runOnlyForDeploymentPostprocessing = 0;
		};
/* End PBXSourcesBuildPhase section */

/* Begin PBXTargetDependency section */
		D07D026F1F4AF47E001CDEDF /* PBXTargetDependency */ = {
			isa = PBXTargetDependency;
			target = D07D02581F4AF47E001CDEDF /* RxSwiftDemo */;
			targetProxy = D07D026E1F4AF47E001CDEDF /* PBXContainerItemProxy */;
		};
		D07D027A1F4AF47E001CDEDF /* PBXTargetDependency */ = {
			isa = PBXTargetDependency;
			target = D07D02581F4AF47E001CDEDF /* RxSwiftDemo */;
			targetProxy = D07D02791F4AF47E001CDEDF /* PBXContainerItemProxy */;
		};
/* End PBXTargetDependency section */

/* Begin PBXVariantGroup section */
		D07D02601F4AF47E001CDEDF /* Main.storyboard */ = {
			isa = PBXVariantGroup;
			children = (
				D07D02611F4AF47E001CDEDF /* Base */,
			);
			name = Main.storyboard;
			sourceTree = "<group>";
		};
		D07D02651F4AF47E001CDEDF /* LaunchScreen.storyboard */ = {
			isa = PBXVariantGroup;
			children = (
				D07D02661F4AF47E001CDEDF /* Base */,
			);
			name = LaunchScreen.storyboard;
			sourceTree = "<group>";
		};
/* End PBXVariantGroup section */

/* Begin XCBuildConfiguration section */
		D07D027F1F4AF47E001CDEDF /* Debug */ = {
			isa = XCBuildConfiguration;
			buildSettings = {
				ALWAYS_SEARCH_USER_PATHS = NO;
				CLANG_ANALYZER_NONNULL = YES;
				CLANG_ANALYZER_NUMBER_OBJECT_CONVERSION = YES_AGGRESSIVE;
				CLANG_CXX_LANGUAGE_STANDARD = "gnu++0x";
				CLANG_CXX_LIBRARY = "libc++";
				CLANG_ENABLE_MODULES = YES;
				CLANG_ENABLE_OBJC_ARC = YES;
				CLANG_WARN_BOOL_CONVERSION = YES;
				CLANG_WARN_CONSTANT_CONVERSION = YES;
				CLANG_WARN_DIRECT_OBJC_ISA_USAGE = YES_ERROR;
				CLANG_WARN_DOCUMENTATION_COMMENTS = YES;
				CLANG_WARN_EMPTY_BODY = YES;
				CLANG_WARN_ENUM_CONVERSION = YES;
				CLANG_WARN_INFINITE_RECURSION = YES;
				CLANG_WARN_INT_CONVERSION = YES;
				CLANG_WARN_OBJC_ROOT_CLASS = YES_ERROR;
				CLANG_WARN_SUSPICIOUS_MOVE = YES;
				CLANG_WARN_UNREACHABLE_CODE = YES;
				CLANG_WARN__DUPLICATE_METHOD_MATCH = YES;
				"CODE_SIGN_IDENTITY[sdk=iphoneos*]" = "iPhone Developer";
				COPY_PHASE_STRIP = NO;
				DEBUG_INFORMATION_FORMAT = dwarf;
				ENABLE_STRICT_OBJC_MSGSEND = YES;
				ENABLE_TESTABILITY = YES;
				GCC_C_LANGUAGE_STANDARD = gnu99;
				GCC_DYNAMIC_NO_PIC = NO;
				GCC_NO_COMMON_BLOCKS = YES;
				GCC_OPTIMIZATION_LEVEL = 0;
				GCC_PREPROCESSOR_DEFINITIONS = (
					"DEBUG=1",
					"$(inherited)",
				);
				GCC_WARN_64_TO_32_BIT_CONVERSION = YES;
				GCC_WARN_ABOUT_RETURN_TYPE = YES_ERROR;
				GCC_WARN_UNDECLARED_SELECTOR = YES;
				GCC_WARN_UNINITIALIZED_AUTOS = YES_AGGRESSIVE;
				GCC_WARN_UNUSED_FUNCTION = YES;
				GCC_WARN_UNUSED_VARIABLE = YES;
				IPHONEOS_DEPLOYMENT_TARGET = 10.3;
				MTL_ENABLE_DEBUG_INFO = YES;
				ONLY_ACTIVE_ARCH = YES;
				SDKROOT = iphoneos;
				SWIFT_ACTIVE_COMPILATION_CONDITIONS = DEBUG;
				SWIFT_OPTIMIZATION_LEVEL = "-Onone";
				TARGETED_DEVICE_FAMILY = "1,2";
			};
			name = Debug;
		};
		D07D02801F4AF47E001CDEDF /* Release */ = {
			isa = XCBuildConfiguration;
			buildSettings = {
				ALWAYS_SEARCH_USER_PATHS = NO;
				CLANG_ANALYZER_NONNULL = YES;
				CLANG_ANALYZER_NUMBER_OBJECT_CONVERSION = YES_AGGRESSIVE;
				CLANG_CXX_LANGUAGE_STANDARD = "gnu++0x";
				CLANG_CXX_LIBRARY = "libc++";
				CLANG_ENABLE_MODULES = YES;
				CLANG_ENABLE_OBJC_ARC = YES;
				CLANG_WARN_BOOL_CONVERSION = YES;
				CLANG_WARN_CONSTANT_CONVERSION = YES;
				CLANG_WARN_DIRECT_OBJC_ISA_USAGE = YES_ERROR;
				CLANG_WARN_DOCUMENTATION_COMMENTS = YES;
				CLANG_WARN_EMPTY_BODY = YES;
				CLANG_WARN_ENUM_CONVERSION = YES;
				CLANG_WARN_INFINITE_RECURSION = YES;
				CLANG_WARN_INT_CONVERSION = YES;
				CLANG_WARN_OBJC_ROOT_CLASS = YES_ERROR;
				CLANG_WARN_SUSPICIOUS_MOVE = YES;
				CLANG_WARN_UNREACHABLE_CODE = YES;
				CLANG_WARN__DUPLICATE_METHOD_MATCH = YES;
				"CODE_SIGN_IDENTITY[sdk=iphoneos*]" = "iPhone Developer";
				COPY_PHASE_STRIP = NO;
				DEBUG_INFORMATION_FORMAT = "dwarf-with-dsym";
				ENABLE_NS_ASSERTIONS = NO;
				ENABLE_STRICT_OBJC_MSGSEND = YES;
				GCC_C_LANGUAGE_STANDARD = gnu99;
				GCC_NO_COMMON_BLOCKS = YES;
				GCC_WARN_64_TO_32_BIT_CONVERSION = YES;
				GCC_WARN_ABOUT_RETURN_TYPE = YES_ERROR;
				GCC_WARN_UNDECLARED_SELECTOR = YES;
				GCC_WARN_UNINITIALIZED_AUTOS = YES_AGGRESSIVE;
				GCC_WARN_UNUSED_FUNCTION = YES;
				GCC_WARN_UNUSED_VARIABLE = YES;
				IPHONEOS_DEPLOYMENT_TARGET = 10.3;
				MTL_ENABLE_DEBUG_INFO = NO;
				SDKROOT = iphoneos;
				SWIFT_OPTIMIZATION_LEVEL = "-Owholemodule";
				TARGETED_DEVICE_FAMILY = "1,2";
				VALIDATE_PRODUCT = YES;
			};
			name = Release;
		};
		D07D02821F4AF47E001CDEDF /* Debug */ = {
			isa = XCBuildConfiguration;
			baseConfigurationReference = DD0C4BBC6EB73FA0F331DD7D /* Pods-RxSwiftDemo.debug.xcconfig */;
			buildSettings = {
				ASSETCATALOG_COMPILER_APPICON_NAME = AppIcon;
				DEVELOPMENT_TEAM = 5UB324DE42;
				INFOPLIST_FILE = RxSwiftDemo/Info.plist;
				LD_RUNPATH_SEARCH_PATHS = "$(inherited) @executable_path/Frameworks";
				PRODUCT_BUNDLE_IDENTIFIER = com.Justin.RxSwiftDemo;
				PRODUCT_NAME = "$(TARGET_NAME)";
				SWIFT_VERSION = 3.0;
			};
			name = Debug;
		};
		D07D02831F4AF47E001CDEDF /* Release */ = {
			isa = XCBuildConfiguration;
			baseConfigurationReference = 1C4A780DFCD5732C686D40EB /* Pods-RxSwiftDemo.release.xcconfig */;
			buildSettings = {
				ASSETCATALOG_COMPILER_APPICON_NAME = AppIcon;
				DEVELOPMENT_TEAM = 5UB324DE42;
				INFOPLIST_FILE = RxSwiftDemo/Info.plist;
				LD_RUNPATH_SEARCH_PATHS = "$(inherited) @executable_path/Frameworks";
				PRODUCT_BUNDLE_IDENTIFIER = com.Justin.RxSwiftDemo;
				PRODUCT_NAME = "$(TARGET_NAME)";
				SWIFT_VERSION = 3.0;
			};
			name = Release;
		};
		D07D02851F4AF47E001CDEDF /* Debug */ = {
			isa = XCBuildConfiguration;
			baseConfigurationReference = 800F9FBF457A19347A5669CB /* Pods-RxSwiftDemoTests.debug.xcconfig */;
			buildSettings = {
				ALWAYS_EMBED_SWIFT_STANDARD_LIBRARIES = YES;
				BUNDLE_LOADER = "$(TEST_HOST)";
				DEVELOPMENT_TEAM = 5UB324DE42;
				INFOPLIST_FILE = RxSwiftDemoTests/Info.plist;
				LD_RUNPATH_SEARCH_PATHS = "$(inherited) @executable_path/Frameworks @loader_path/Frameworks";
				PRODUCT_BUNDLE_IDENTIFIER = com.Justin.RxSwiftDemoTests;
				PRODUCT_NAME = "$(TARGET_NAME)";
				SWIFT_VERSION = 3.0;
				TEST_HOST = "$(BUILT_PRODUCTS_DIR)/RxSwiftDemo.app/RxSwiftDemo";
			};
			name = Debug;
		};
		D07D02861F4AF47E001CDEDF /* Release */ = {
			isa = XCBuildConfiguration;
			baseConfigurationReference = 19E3AD688BD2723F2AD09D7B /* Pods-RxSwiftDemoTests.release.xcconfig */;
			buildSettings = {
				ALWAYS_EMBED_SWIFT_STANDARD_LIBRARIES = YES;
				BUNDLE_LOADER = "$(TEST_HOST)";
				DEVELOPMENT_TEAM = 5UB324DE42;
				INFOPLIST_FILE = RxSwiftDemoTests/Info.plist;
				LD_RUNPATH_SEARCH_PATHS = "$(inherited) @executable_path/Frameworks @loader_path/Frameworks";
				PRODUCT_BUNDLE_IDENTIFIER = com.Justin.RxSwiftDemoTests;
				PRODUCT_NAME = "$(TARGET_NAME)";
				SWIFT_VERSION = 3.0;
				TEST_HOST = "$(BUILT_PRODUCTS_DIR)/RxSwiftDemo.app/RxSwiftDemo";
			};
			name = Release;
		};
		D07D02881F4AF47E001CDEDF /* Debug */ = {
			isa = XCBuildConfiguration;
			baseConfigurationReference = 2E1F5D6F48355BF22A9AABC0 /* Pods-RxSwiftDemoUITests.debug.xcconfig */;
			buildSettings = {
				ALWAYS_EMBED_SWIFT_STANDARD_LIBRARIES = YES;
				DEVELOPMENT_TEAM = 5UB324DE42;
				INFOPLIST_FILE = RxSwiftDemoUITests/Info.plist;
				LD_RUNPATH_SEARCH_PATHS = "$(inherited) @executable_path/Frameworks @loader_path/Frameworks";
				PRODUCT_BUNDLE_IDENTIFIER = com.Justin.RxSwiftDemoUITests;
				PRODUCT_NAME = "$(TARGET_NAME)";
				SWIFT_VERSION = 3.0;
				TEST_TARGET_NAME = RxSwiftDemo;
			};
			name = Debug;
		};
		D07D02891F4AF47E001CDEDF /* Release */ = {
			isa = XCBuildConfiguration;
			baseConfigurationReference = FAA716846E733EF24B3A13DE /* Pods-RxSwiftDemoUITests.release.xcconfig */;
			buildSettings = {
				ALWAYS_EMBED_SWIFT_STANDARD_LIBRARIES = YES;
				DEVELOPMENT_TEAM = 5UB324DE42;
				INFOPLIST_FILE = RxSwiftDemoUITests/Info.plist;
				LD_RUNPATH_SEARCH_PATHS = "$(inherited) @executable_path/Frameworks @loader_path/Frameworks";
				PRODUCT_BUNDLE_IDENTIFIER = com.Justin.RxSwiftDemoUITests;
				PRODUCT_NAME = "$(TARGET_NAME)";
				SWIFT_VERSION = 3.0;
				TEST_TARGET_NAME = RxSwiftDemo;
			};
			name = Release;
		};
/* End XCBuildConfiguration section */

/* Begin XCConfigurationList section */
		D07D02541F4AF47E001CDEDF /* Build configuration list for PBXProject "RxSwiftDemo" */ = {
			isa = XCConfigurationList;
			buildConfigurations = (
				D07D027F1F4AF47E001CDEDF /* Debug */,
				D07D02801F4AF47E001CDEDF /* Release */,
			);
			defaultConfigurationIsVisible = 0;
			defaultConfigurationName = Release;
		};
		D07D02811F4AF47E001CDEDF /* Build configuration list for PBXNativeTarget "RxSwiftDemo" */ = {
			isa = XCConfigurationList;
			buildConfigurations = (
				D07D02821F4AF47E001CDEDF /* Debug */,
				D07D02831F4AF47E001CDEDF /* Release */,
			);
			defaultConfigurationIsVisible = 0;
			defaultConfigurationName = Release;
		};
		D07D02841F4AF47E001CDEDF /* Build configuration list for PBXNativeTarget "RxSwiftDemoTests" */ = {
			isa = XCConfigurationList;
			buildConfigurations = (
				D07D02851F4AF47E001CDEDF /* Debug */,
				D07D02861F4AF47E001CDEDF /* Release */,
			);
			defaultConfigurationIsVisible = 0;
			defaultConfigurationName = Release;
		};
		D07D02871F4AF47E001CDEDF /* Build configuration list for PBXNativeTarget "RxSwiftDemoUITests" */ = {
			isa = XCConfigurationList;
			buildConfigurations = (
				D07D02881F4AF47E001CDEDF /* Debug */,
				D07D02891F4AF47E001CDEDF /* Release */,
			);
			defaultConfigurationIsVisible = 0;
			defaultConfigurationName = Release;
		};
/* End XCConfigurationList section */
	};
	rootObject = D07D02511F4AF47E001CDEDF /* Project object */;
}
